
Microsoft Visual Studio Solution File, Format Version 12.00
# Visual Studio 2012
Project("{2150E333-8FDC-42A3-9474-1A3956D46DE8}") = "Solution Items", "Solution Items", "{2A0CE6C6-0ECB-4552-88D4-A719EBDA4F83}"
	ProjectSection(SolutionItems) = preProject
		build.bat = build.bat
		build.fsx = build.fsx
		CCNetConfigSample.xml = CCNetConfigSample.xml
		completeBuild.bat = completeBuild.bat
		completeBuild.fsx = completeBuild.fsx
		foobar.bat = foobar.bat
		foobar.fsx = foobar.fsx
		targetTemplates.fsx = targetTemplates.fsx
	EndProjectSection
EndProject
Project("{FAE04EC0-301F-11D3-BF4B-00C04F79EFBC}") = "CalculatorLib", "src\app\CalculatorLib\CalculatorLib.csproj", "{A0E4285E-415C-4FA6-834F-1FB090C16064}"
EndProject
Project("{FAE04EC0-301F-11D3-BF4B-00C04F79EFBC}") = "Calculator", "src\app\Calculator\Calculator.csproj", "{DCAA68D4-934D-48B3-9EE4-405DE2D480BA}"
EndProject
Project("{FAE04EC0-301F-11D3-BF4B-00C04F79EFBC}") = "NUnit.Test.CalculatorLib", "src\test\Test.CalculatorLib\NUnit.Test.CalculatorLib.csproj", "{E6156A89-DCA8-4996-9249-A53001CA8342}"
EndProject
Project("{2150E333-8FDC-42A3-9474-1A3956D46DE8}") = ".nuget", ".nuget", "{244A28AE-5253-4FFC-8CB0-6BE55F10F062}"
	ProjectSection(SolutionItems) = preProject
		.nuget\packages.config = .nuget\packages.config
	EndProjectSection
EndProject
Global
	GlobalSection(SolutionConfigurationPlatforms) = preSolution
		Debug|Any CPU = Debug|Any CPU
		Release|Any CPU = Release|Any CPU
	EndGlobalSection
	GlobalSection(ProjectConfigurationPlatforms) = postSolution
		{A0E4285E-415C-4FA6-834F-1FB090C16064}.Debug|Any CPU.ActiveCfg = Debug|Any CPU
		{A0E4285E-415C-4FA6-834F-1FB090C16064}.Debug|Any CPU.Build.0 = Debug|Any CPU
		{A0E4285E-415C-4FA6-834F-1FB090C16064}.Release|Any CPU.ActiveCfg = Release|Any CPU
		{A0E4285E-415C-4FA6-834F-1FB090C16064}.Release|Any CPU.Build.0 = Release|Any CPU
		{DCAA68D4-934D-48B3-9EE4-405DE2D480BA}.Debug|Any CPU.ActiveCfg = Debug|Any CPU
		{DCAA68D4-934D-48B3-9EE4-405DE2D480BA}.Debug|Any CPU.Build.0 = Debug|Any CPU
		{DCAA68D4-934D-48B3-9EE4-405DE2D480BA}.Release|Any CPU.ActiveCfg = Release|Any CPU
		{DCAA68D4-934D-48B3-9EE4-405DE2D480BA}.Release|Any CPU.Build.0 = Release|Any CPU
		{E6156A89-DCA8-4996-9249-A53001CA8342}.Debug|Any CPU.ActiveCfg = Debug|Any CPU
		{E6156A89-DCA8-4996-9249-A53001CA8342}.Debug|Any CPU.Build.0 = Debug|Any CPU
		{E6156A89-DCA8-4996-9249-A53001CA8342}.Release|Any CPU.ActiveCfg = Release|Any CPU
		{E6156A89-DCA8-4996-9249-A53001CA8342}.Release|Any CPU.Build.0 = Release|Any CPU
	EndGlobalSection
	GlobalSection(SolutionProperties) = preSolution
		HideSolutionNode = FALSE
	EndGlobalSection
EndGlobal
