Microsoft Visual Studio Solution File, Format Version 12.00
# Visual Studio 14
VisualStudioVersion = 14.0.25420.1
MinimumVisualStudioVersion = 10.0.40219.1
Project("{2150E333-8FDC-42A3-9474-1A3956D46DE8}") = "Solution Items", "Solution Items", "{0F0488CC-2580-4C07-9E16-3997480F0221}"
	ProjectSection(SolutionItems) = preProject
		build-web-bundles.cmd = build-web-bundles.cmd
		build-web-bundles.fsx = build-web-bundles.fsx
		build.cmd = build.cmd
		build.fsx = build.fsx
		fake.nuspec = fake.nuspec
		paket.dependencies = paket.dependencies
		README.markdown = README.markdown
		RELEASE_NOTES.md = RELEASE_NOTES.md
	EndProjectSection
EndProject
Project("{2150E333-8FDC-42A3-9474-1A3956D46DE8}") = "app", "app", "{4198A143-EFB9-4E72-A3BD-F2848B78CC21}"
EndProject
Project("{2150E333-8FDC-42A3-9474-1A3956D46DE8}") = "Test", "Test", "{B774DC6A-F933-4EC3-A61F-E07344EF8ED2}"
EndProject
Project("{F2A71F9B-5D33-465A-A702-920D77279786}") = "FakeLib", "src\app\FakeLib\FakeLib.fsproj", "{13D56521-772A-41DB-9772-1DA1A4AA8E3A}"
EndProject
Project("{F2A71F9B-5D33-465A-A702-920D77279786}") = "FAKE", "src\app\FAKE\FAKE.fsproj", "{CA923BCA-C273-4744-9658-7DF7001FF266}"
EndProject
Project("{FAE04EC0-301F-11D3-BF4B-00C04F79EFBC}") = "Test.FAKECore", "src\test\Test.FAKECore\Test.FAKECore.csproj", "{98944472-E50A-4771-969D-4C0349D085A4}"
EndProject
Project("{FAE04EC0-301F-11D3-BF4B-00C04F79EFBC}") = "Test.Git", "src\test\Test.Git\Test.Git.csproj", "{AD03BF13-802D-4E5F-A939-24484299E014}"
EndProject
Project("{F2A71F9B-5D33-465A-A702-920D77279786}") = "Fake.SQL", "src\app\Fake.SQL\Fake.SQL.fsproj", "{12319188-8893-4FE4-BF1D-62B85661DEA9}"
EndProject
Project("{F2A71F9B-5D33-465A-A702-920D77279786}") = "Fake.Gallio", "src\app\Fake.Gallio\Fake.Gallio.fsproj", "{AA2BB7A4-B590-40E7-A749-BCC87B68FEAC}"
EndProject
Project("{F2A71F9B-5D33-465A-A702-920D77279786}") = "Fake.Deploy", "src\app\Fake.Deploy\Fake.Deploy.fsproj", "{ED164049-BCFD-4837-96F4-9A5FA417931D}"
EndProject
Project("{F2A71F9B-5D33-465A-A702-920D77279786}") = "Fake.IIS", "src\app\Fake.IIS\Fake.IIS.fsproj", "{6C2097C0-C2EA-410F-B4BB-A58C63A08709}"
EndProject
Project("{2150E333-8FDC-42A3-9474-1A3956D46DE8}") = "help", "help", "{564BD198-09CB-45D1-87F2-E2153FE6D62F}"
	ProjectSection(SolutionItems) = preProject
		help\androidpublisher.md = help\androidpublisher.md
		help\assemblyinfo.md = help\assemblyinfo.md
		help\cache.md = help\cache.md
		help\chocolatey.md = help\chocolatey.md
		help\commandline.md = help\commandline.md
		help\contributing.md = help\contributing.md
		help\create-nuget-package.md = help\create-nuget-package.md
		help\customtasks.md = help\customtasks.md
		help\deploy.md = help\deploy.md
		help\fake-dotnetcore.md = help\fake-dotnetcore.md
		help\fluentmigrator.md = help\fluentmigrator.md
		help\fsc.md = help\fsc.md
		help\fxcop.md = help\fxcop.md
		help\gettingstarted.md = help\gettingstarted.md
		help\index.md = help\index.md
		help\nuget.md = help\nuget.md
		help\octopusdeploy.md = help\octopusdeploy.md
		help\slacknotification.md = help\slacknotification.md
		help\specifictargets.md = help\specifictargets.md
		help\teamcity.md = help\teamcity.md
		help\templates\template-project.html = help\templates\template-project.html
		help\typescript.md = help\typescript.md
		help\users.md = help\users.md
	EndProjectSection
EndProject
Project("{2150E333-8FDC-42A3-9474-1A3956D46DE8}") = "pics", "pics", "{75162148-B884-4575-8E14-5320DD137760}"
EndProject
Project("{2150E333-8FDC-42A3-9474-1A3956D46DE8}") = "gettingstarted", "gettingstarted", "{454066F7-42BF-435E-BDF7-2D11948D53B4}"
	ProjectSection(SolutionItems) = preProject
		help\pics\gettingstarted\afterclean.png = help\pics\gettingstarted\afterclean.png
		help\pics\gettingstarted\aftercompile.png = help\pics\gettingstarted\aftercompile.png
		help\pics\gettingstarted\afterdownload.png = help\pics\gettingstarted\afterdownload.png
		help\pics\gettingstarted\compileerror.png = help\pics\gettingstarted\compileerror.png
	EndProjectSection
EndProject
Project("{2150E333-8FDC-42A3-9474-1A3956D46DE8}") = "teamcity", "teamcity", "{853E4C7F-D5AA-4756-BAF3-13F25F460C4E}"
	ProjectSection(SolutionItems) = preProject
		help\pics\teamcity\auth.png = help\pics\teamcity\auth.png
		help\pics\teamcity\buildstep1.png = help\pics\teamcity\buildstep1.png
		help\pics\teamcity\buildstep2.png = help\pics\teamcity\buildstep2.png
		help\pics\teamcity\checkoutrules.png = help\pics\teamcity\checkoutrules.png
		help\pics\teamcity\createproject.png = help\pics\teamcity\createproject.png
		help\pics\teamcity\generalsettings.png = help\pics\teamcity\generalsettings.png
		help\pics\teamcity\nunit.png = help\pics\teamcity\nunit.png
		help\pics\teamcity\output.png = help\pics\teamcity\output.png
		help\pics\teamcity\trigger.png = help\pics\teamcity\trigger.png
		help\pics\teamcity\vcsroot.png = help\pics\teamcity\vcsroot.png
	EndProjectSection
EndProject
Project("{2150E333-8FDC-42A3-9474-1A3956D46DE8}") = "apidocs", "apidocs", "{E5A1C705-974C-4377-BAF3-55359A42BEF0}"
EndProject
Project("{2150E333-8FDC-42A3-9474-1A3956D46DE8}") = "templates", "templates", "{A338C9EA-391D-405D-B480-D1B67C0C9369}"
	ProjectSection(SolutionItems) = preProject
		help\templates\reference\default.cshtml = help\templates\reference\default.cshtml
		help\templates\reference\members.cshtml = help\templates\reference\members.cshtml
		help\templates\reference\module.cshtml = help\templates\reference\module.cshtml
		help\templates\reference\namespaces.cshtml = help\templates\reference\namespaces.cshtml
		help\templates\reference\type.cshtml = help\templates\reference\type.cshtml
	EndProjectSection
EndProject
Project("{2150E333-8FDC-42A3-9474-1A3956D46DE8}") = "commandline", "commandline", "{F4B81CF1-FF35-46E4-9C15-97C398A674F5}"
	ProjectSection(SolutionItems) = preProject
		help\pics\commandline\cmd.png = help\pics\commandline\cmd.png
	EndProjectSection
EndProject
Project("{F2A71F9B-5D33-465A-A702-920D77279786}") = "Fake.Deploy.Lib", "src\app\Fake.Deploy.Lib\Fake.Deploy.Lib.fsproj", "{83B7D6E7-6AE1-4786-9C26-4E2E73216EC9}"
EndProject
Project("{FAE04EC0-301F-11D3-BF4B-00C04F79EFBC}") = "Test.Fake.Deploy", "src\test\Test.Fake.Deploy\Test.Fake.Deploy.csproj", "{0203A0DD-836B-4F9E-A766-73396DDE8F34}"
EndProject
Project("{F2A71F9B-5D33-465A-A702-920D77279786}") = "Fake.Experimental", "src\app\Fake.Experimental\Fake.Experimental.fsproj", "{437FC69D-3EB5-4139-B9CD-86198AFDFD93}"
EndProject
Project("{2150E333-8FDC-42A3-9474-1A3956D46DE8}") = "octopusdeploy", "octopusdeploy", "{DC70438D-6050-435C-B365-ABF68CF8891D}"
	ProjectSection(SolutionItems) = preProject
		help\pics\octopusdeploy\apikey.png = help\pics\octopusdeploy\apikey.png
		help\pics\octopusdeploy\myprofile.png = help\pics\octopusdeploy\myprofile.png
	EndProjectSection
EndProject
Project("{2150E333-8FDC-42A3-9474-1A3956D46DE8}") = "assemblyinfo", "assemblyinfo", "{64547E3E-F74E-48C2-8091-795A6C04B99C}"
	ProjectSection(SolutionItems) = preProject
		help\pics\assemblyinfo\generated.png = help\pics\assemblyinfo\generated.png
		help\pics\assemblyinfo\result.png = help\pics\assemblyinfo\result.png
		help\pics\assemblyinfo\solutioninfo.png = help\pics\assemblyinfo\solutioninfo.png
	EndProjectSection
EndProject
Project("{2150E333-8FDC-42A3-9474-1A3956D46DE8}") = "testscripts", "testscripts", "{16D0306A-E2D0-444B-87F8-22605A1EC57C}"
	ProjectSection(SolutionItems) = preProject
		src\test\testscripts\test1.fsx = src\test\testscripts\test1.fsx
	EndProjectSection
EndProject
Project("{F2A71F9B-5D33-465A-A702-920D77279786}") = "FsCheck.Fake", "src\test\FsCheck.Fake\FsCheck.Fake.fsproj", "{791651E4-4422-4A31-8DDE-6B1AD79B377A}"
EndProject
Project("{F2A71F9B-5D33-465A-A702-920D77279786}") = "Fake.FluentMigrator", "src\app\Fake.FluentMigrator\Fake.FluentMigrator.fsproj", "{0110E42E-E3AA-4A01-A6D4-DA26FD89ED4A}"
EndProject
Project("{2150E333-8FDC-42A3-9474-1A3956D46DE8}") = "slacknotification", "slacknotification", "{F131A0F4-D7BC-4717-812A-CE937DB64BE9}"
	ProjectSection(SolutionItems) = preProject
		help\pics\slacknotification\slacknotification.png = help\pics\slacknotification\slacknotification.png
	EndProjectSection
EndProject
Project("{F2A71F9B-5D33-465A-A702-920D77279786}") = "Fake.Core.IntegrationTests", "src\test\Fake.Core.IntegrationTests\Fake.Core.IntegrationTests.fsproj", "{793ED18D-ED6B-4BD1-9617-C077C2B38589}"
EndProject
Global
	GlobalSection(SolutionConfigurationPlatforms) = preSolution
		Debug|Any CPU = Debug|Any CPU
		Debug|Mixed Platforms = Debug|Mixed Platforms
		Debug|x86 = Debug|x86
		Release|Any CPU = Release|Any CPU
		Release|Mixed Platforms = Release|Mixed Platforms
		Release|x86 = Release|x86
	EndGlobalSection
	GlobalSection(ProjectConfigurationPlatforms) = postSolution
		{13D56521-772A-41DB-9772-1DA1A4AA8E3A}.Debug|Any CPU.ActiveCfg = Debug|Any CPU
		{13D56521-772A-41DB-9772-1DA1A4AA8E3A}.Debug|Any CPU.Build.0 = Debug|Any CPU
		{13D56521-772A-41DB-9772-1DA1A4AA8E3A}.Debug|Mixed Platforms.ActiveCfg = Debug|Any CPU
		{13D56521-772A-41DB-9772-1DA1A4AA8E3A}.Debug|Mixed Platforms.Build.0 = Debug|Any CPU
		{13D56521-772A-41DB-9772-1DA1A4AA8E3A}.Debug|x86.ActiveCfg = Debug|Any CPU
		{13D56521-772A-41DB-9772-1DA1A4AA8E3A}.Release|Any CPU.ActiveCfg = Release|Any CPU
		{13D56521-772A-41DB-9772-1DA1A4AA8E3A}.Release|Any CPU.Build.0 = Release|Any CPU
		{13D56521-772A-41DB-9772-1DA1A4AA8E3A}.Release|Mixed Platforms.ActiveCfg = Release|Any CPU
		{13D56521-772A-41DB-9772-1DA1A4AA8E3A}.Release|Mixed Platforms.Build.0 = Release|Any CPU
		{13D56521-772A-41DB-9772-1DA1A4AA8E3A}.Release|x86.ActiveCfg = Release|Any CPU
		{CA923BCA-C273-4744-9658-7DF7001FF266}.Debug|Any CPU.ActiveCfg = Debug|Any CPU
		{CA923BCA-C273-4744-9658-7DF7001FF266}.Debug|Any CPU.Build.0 = Debug|Any CPU
		{CA923BCA-C273-4744-9658-7DF7001FF266}.Debug|Mixed Platforms.ActiveCfg = Debug|Any CPU
		{CA923BCA-C273-4744-9658-7DF7001FF266}.Debug|Mixed Platforms.Build.0 = Debug|Any CPU
		{CA923BCA-C273-4744-9658-7DF7001FF266}.Debug|x86.ActiveCfg = Debug|Any CPU
		{CA923BCA-C273-4744-9658-7DF7001FF266}.Release|Any CPU.ActiveCfg = Release|Any CPU
		{CA923BCA-C273-4744-9658-7DF7001FF266}.Release|Any CPU.Build.0 = Release|Any CPU
		{CA923BCA-C273-4744-9658-7DF7001FF266}.Release|Mixed Platforms.ActiveCfg = Release|Any CPU
		{CA923BCA-C273-4744-9658-7DF7001FF266}.Release|Mixed Platforms.Build.0 = Release|Any CPU
		{CA923BCA-C273-4744-9658-7DF7001FF266}.Release|x86.ActiveCfg = Release|Any CPU
		{98944472-E50A-4771-969D-4C0349D085A4}.Debug|Any CPU.ActiveCfg = Debug|Any CPU
		{98944472-E50A-4771-969D-4C0349D085A4}.Debug|Any CPU.Build.0 = Debug|Any CPU
		{98944472-E50A-4771-969D-4C0349D085A4}.Debug|Mixed Platforms.ActiveCfg = Debug|Any CPU
		{98944472-E50A-4771-969D-4C0349D085A4}.Debug|Mixed Platforms.Build.0 = Debug|Any CPU
		{98944472-E50A-4771-969D-4C0349D085A4}.Debug|x86.ActiveCfg = Debug|Any CPU
		{98944472-E50A-4771-969D-4C0349D085A4}.Release|Any CPU.ActiveCfg = Release|Any CPU
		{98944472-E50A-4771-969D-4C0349D085A4}.Release|Any CPU.Build.0 = Release|Any CPU
		{98944472-E50A-4771-969D-4C0349D085A4}.Release|Mixed Platforms.ActiveCfg = Release|Any CPU
		{98944472-E50A-4771-969D-4C0349D085A4}.Release|Mixed Platforms.Build.0 = Release|Any CPU
		{98944472-E50A-4771-969D-4C0349D085A4}.Release|x86.ActiveCfg = Release|Any CPU
		{AD03BF13-802D-4E5F-A939-24484299E014}.Debug|Any CPU.ActiveCfg = Debug|Any CPU
		{AD03BF13-802D-4E5F-A939-24484299E014}.Debug|Any CPU.Build.0 = Debug|Any CPU
		{AD03BF13-802D-4E5F-A939-24484299E014}.Debug|Mixed Platforms.ActiveCfg = Debug|Any CPU
		{AD03BF13-802D-4E5F-A939-24484299E014}.Debug|Mixed Platforms.Build.0 = Debug|Any CPU
		{AD03BF13-802D-4E5F-A939-24484299E014}.Debug|x86.ActiveCfg = Debug|Any CPU
		{AD03BF13-802D-4E5F-A939-24484299E014}.Release|Any CPU.ActiveCfg = Release|Any CPU
		{AD03BF13-802D-4E5F-A939-24484299E014}.Release|Any CPU.Build.0 = Release|Any CPU
		{AD03BF13-802D-4E5F-A939-24484299E014}.Release|Mixed Platforms.ActiveCfg = Release|Any CPU
		{AD03BF13-802D-4E5F-A939-24484299E014}.Release|Mixed Platforms.Build.0 = Release|Any CPU
		{AD03BF13-802D-4E5F-A939-24484299E014}.Release|x86.ActiveCfg = Release|Any CPU
		{12319188-8893-4FE4-BF1D-62B85661DEA9}.Debug|Any CPU.ActiveCfg = Debug|Any CPU
		{12319188-8893-4FE4-BF1D-62B85661DEA9}.Debug|Any CPU.Build.0 = Debug|Any CPU
		{12319188-8893-4FE4-BF1D-62B85661DEA9}.Debug|Mixed Platforms.ActiveCfg = Debug|Any CPU
		{12319188-8893-4FE4-BF1D-62B85661DEA9}.Debug|Mixed Platforms.Build.0 = Debug|Any CPU
		{12319188-8893-4FE4-BF1D-62B85661DEA9}.Debug|x86.ActiveCfg = Debug|Any CPU
		{12319188-8893-4FE4-BF1D-62B85661DEA9}.Release|Any CPU.ActiveCfg = Release|Any CPU
		{12319188-8893-4FE4-BF1D-62B85661DEA9}.Release|Any CPU.Build.0 = Release|Any CPU
		{12319188-8893-4FE4-BF1D-62B85661DEA9}.Release|Mixed Platforms.ActiveCfg = Release|Any CPU
		{12319188-8893-4FE4-BF1D-62B85661DEA9}.Release|Mixed Platforms.Build.0 = Release|Any CPU
		{12319188-8893-4FE4-BF1D-62B85661DEA9}.Release|x86.ActiveCfg = Release|Any CPU
		{AA2BB7A4-B590-40E7-A749-BCC87B68FEAC}.Debug|Any CPU.ActiveCfg = Debug|Any CPU
		{AA2BB7A4-B590-40E7-A749-BCC87B68FEAC}.Debug|Any CPU.Build.0 = Debug|Any CPU
		{AA2BB7A4-B590-40E7-A749-BCC87B68FEAC}.Debug|Mixed Platforms.ActiveCfg = Debug|Any CPU
		{AA2BB7A4-B590-40E7-A749-BCC87B68FEAC}.Debug|Mixed Platforms.Build.0 = Debug|Any CPU
		{AA2BB7A4-B590-40E7-A749-BCC87B68FEAC}.Debug|x86.ActiveCfg = Debug|Any CPU
		{AA2BB7A4-B590-40E7-A749-BCC87B68FEAC}.Release|Any CPU.ActiveCfg = Release|Any CPU
		{AA2BB7A4-B590-40E7-A749-BCC87B68FEAC}.Release|Any CPU.Build.0 = Release|Any CPU
		{AA2BB7A4-B590-40E7-A749-BCC87B68FEAC}.Release|Mixed Platforms.ActiveCfg = Release|Any CPU
		{AA2BB7A4-B590-40E7-A749-BCC87B68FEAC}.Release|Mixed Platforms.Build.0 = Release|Any CPU
		{AA2BB7A4-B590-40E7-A749-BCC87B68FEAC}.Release|x86.ActiveCfg = Release|Any CPU
		{ED164049-BCFD-4837-96F4-9A5FA417931D}.Debug|Any CPU.ActiveCfg = Debug|Any CPU
		{ED164049-BCFD-4837-96F4-9A5FA417931D}.Debug|Any CPU.Build.0 = Debug|Any CPU
		{ED164049-BCFD-4837-96F4-9A5FA417931D}.Debug|Mixed Platforms.ActiveCfg = Debug|Any CPU
		{ED164049-BCFD-4837-96F4-9A5FA417931D}.Debug|Mixed Platforms.Build.0 = Debug|Any CPU
		{ED164049-BCFD-4837-96F4-9A5FA417931D}.Debug|x86.ActiveCfg = Debug|Any CPU
		{ED164049-BCFD-4837-96F4-9A5FA417931D}.Release|Any CPU.ActiveCfg = Release|Any CPU
		{ED164049-BCFD-4837-96F4-9A5FA417931D}.Release|Any CPU.Build.0 = Release|Any CPU
		{ED164049-BCFD-4837-96F4-9A5FA417931D}.Release|Mixed Platforms.ActiveCfg = Release|Any CPU
		{ED164049-BCFD-4837-96F4-9A5FA417931D}.Release|Mixed Platforms.Build.0 = Release|Any CPU
		{ED164049-BCFD-4837-96F4-9A5FA417931D}.Release|x86.ActiveCfg = Release|Any CPU
		{6C2097C0-C2EA-410F-B4BB-A58C63A08709}.Debug|Any CPU.ActiveCfg = Debug|Any CPU
		{6C2097C0-C2EA-410F-B4BB-A58C63A08709}.Debug|Any CPU.Build.0 = Debug|Any CPU
		{6C2097C0-C2EA-410F-B4BB-A58C63A08709}.Debug|Mixed Platforms.ActiveCfg = Debug|Any CPU
		{6C2097C0-C2EA-410F-B4BB-A58C63A08709}.Debug|Mixed Platforms.Build.0 = Debug|Any CPU
		{6C2097C0-C2EA-410F-B4BB-A58C63A08709}.Debug|x86.ActiveCfg = Debug|Any CPU
		{6C2097C0-C2EA-410F-B4BB-A58C63A08709}.Release|Any CPU.ActiveCfg = Release|Any CPU
		{6C2097C0-C2EA-410F-B4BB-A58C63A08709}.Release|Any CPU.Build.0 = Release|Any CPU
		{6C2097C0-C2EA-410F-B4BB-A58C63A08709}.Release|Mixed Platforms.ActiveCfg = Release|Any CPU
		{6C2097C0-C2EA-410F-B4BB-A58C63A08709}.Release|Mixed Platforms.Build.0 = Release|Any CPU
		{6C2097C0-C2EA-410F-B4BB-A58C63A08709}.Release|x86.ActiveCfg = Release|Any CPU
		{83B7D6E7-6AE1-4786-9C26-4E2E73216EC9}.Debug|Any CPU.ActiveCfg = Debug|Any CPU
		{83B7D6E7-6AE1-4786-9C26-4E2E73216EC9}.Debug|Any CPU.Build.0 = Debug|Any CPU
		{83B7D6E7-6AE1-4786-9C26-4E2E73216EC9}.Debug|Mixed Platforms.ActiveCfg = Debug|Any CPU
		{83B7D6E7-6AE1-4786-9C26-4E2E73216EC9}.Debug|Mixed Platforms.Build.0 = Debug|Any CPU
		{83B7D6E7-6AE1-4786-9C26-4E2E73216EC9}.Debug|x86.ActiveCfg = Debug|Any CPU
		{83B7D6E7-6AE1-4786-9C26-4E2E73216EC9}.Release|Any CPU.ActiveCfg = Release|Any CPU
		{83B7D6E7-6AE1-4786-9C26-4E2E73216EC9}.Release|Any CPU.Build.0 = Release|Any CPU
		{83B7D6E7-6AE1-4786-9C26-4E2E73216EC9}.Release|Mixed Platforms.ActiveCfg = Release|Any CPU
		{83B7D6E7-6AE1-4786-9C26-4E2E73216EC9}.Release|Mixed Platforms.Build.0 = Release|Any CPU
		{83B7D6E7-6AE1-4786-9C26-4E2E73216EC9}.Release|x86.ActiveCfg = Release|Any CPU
		{0203A0DD-836B-4F9E-A766-73396DDE8F34}.Debug|Any CPU.ActiveCfg = Debug|Any CPU
		{0203A0DD-836B-4F9E-A766-73396DDE8F34}.Debug|Any CPU.Build.0 = Debug|Any CPU
		{0203A0DD-836B-4F9E-A766-73396DDE8F34}.Debug|Mixed Platforms.ActiveCfg = Debug|Any CPU
		{0203A0DD-836B-4F9E-A766-73396DDE8F34}.Debug|Mixed Platforms.Build.0 = Debug|Any CPU
		{0203A0DD-836B-4F9E-A766-73396DDE8F34}.Debug|x86.ActiveCfg = Debug|Any CPU
		{0203A0DD-836B-4F9E-A766-73396DDE8F34}.Release|Any CPU.ActiveCfg = Release|Any CPU
		{0203A0DD-836B-4F9E-A766-73396DDE8F34}.Release|Any CPU.Build.0 = Release|Any CPU
		{0203A0DD-836B-4F9E-A766-73396DDE8F34}.Release|Mixed Platforms.ActiveCfg = Release|Any CPU
		{0203A0DD-836B-4F9E-A766-73396DDE8F34}.Release|Mixed Platforms.Build.0 = Release|Any CPU
		{0203A0DD-836B-4F9E-A766-73396DDE8F34}.Release|x86.ActiveCfg = Release|Any CPU
		{437FC69D-3EB5-4139-B9CD-86198AFDFD93}.Debug|Any CPU.ActiveCfg = Debug|Any CPU
		{437FC69D-3EB5-4139-B9CD-86198AFDFD93}.Debug|Any CPU.Build.0 = Debug|Any CPU
		{437FC69D-3EB5-4139-B9CD-86198AFDFD93}.Debug|Mixed Platforms.ActiveCfg = Debug|Any CPU
		{437FC69D-3EB5-4139-B9CD-86198AFDFD93}.Debug|Mixed Platforms.Build.0 = Debug|Any CPU
		{437FC69D-3EB5-4139-B9CD-86198AFDFD93}.Debug|x86.ActiveCfg = Debug|Any CPU
		{437FC69D-3EB5-4139-B9CD-86198AFDFD93}.Release|Any CPU.ActiveCfg = Release|Any CPU
		{437FC69D-3EB5-4139-B9CD-86198AFDFD93}.Release|Any CPU.Build.0 = Release|Any CPU
		{437FC69D-3EB5-4139-B9CD-86198AFDFD93}.Release|Mixed Platforms.ActiveCfg = Release|Any CPU
		{437FC69D-3EB5-4139-B9CD-86198AFDFD93}.Release|Mixed Platforms.Build.0 = Release|Any CPU
		{437FC69D-3EB5-4139-B9CD-86198AFDFD93}.Release|x86.ActiveCfg = Release|Any CPU
		{791651E4-4422-4A31-8DDE-6B1AD79B377A}.Debug|Any CPU.ActiveCfg = Debug|Any CPU
		{791651E4-4422-4A31-8DDE-6B1AD79B377A}.Debug|Any CPU.Build.0 = Debug|Any CPU
		{791651E4-4422-4A31-8DDE-6B1AD79B377A}.Debug|Mixed Platforms.ActiveCfg = Debug|Any CPU
		{791651E4-4422-4A31-8DDE-6B1AD79B377A}.Debug|Mixed Platforms.Build.0 = Debug|Any CPU
		{791651E4-4422-4A31-8DDE-6B1AD79B377A}.Debug|x86.ActiveCfg = Debug|Any CPU
		{791651E4-4422-4A31-8DDE-6B1AD79B377A}.Release|Any CPU.ActiveCfg = Release|Any CPU
		{791651E4-4422-4A31-8DDE-6B1AD79B377A}.Release|Any CPU.Build.0 = Release|Any CPU
		{791651E4-4422-4A31-8DDE-6B1AD79B377A}.Release|Mixed Platforms.ActiveCfg = Release|Any CPU
		{791651E4-4422-4A31-8DDE-6B1AD79B377A}.Release|Mixed Platforms.Build.0 = Release|Any CPU
		{791651E4-4422-4A31-8DDE-6B1AD79B377A}.Release|x86.ActiveCfg = Release|Any CPU
		{0110E42E-E3AA-4A01-A6D4-DA26FD89ED4A}.Debug|Any CPU.ActiveCfg = Debug|Any CPU
		{0110E42E-E3AA-4A01-A6D4-DA26FD89ED4A}.Debug|Any CPU.Build.0 = Debug|Any CPU
		{0110E42E-E3AA-4A01-A6D4-DA26FD89ED4A}.Debug|Mixed Platforms.ActiveCfg = Debug|Any CPU
		{0110E42E-E3AA-4A01-A6D4-DA26FD89ED4A}.Debug|Mixed Platforms.Build.0 = Debug|Any CPU
		{0110E42E-E3AA-4A01-A6D4-DA26FD89ED4A}.Debug|x86.ActiveCfg = Debug|Any CPU
		{0110E42E-E3AA-4A01-A6D4-DA26FD89ED4A}.Release|Any CPU.ActiveCfg = Release|Any CPU
		{0110E42E-E3AA-4A01-A6D4-DA26FD89ED4A}.Release|Any CPU.Build.0 = Release|Any CPU
		{0110E42E-E3AA-4A01-A6D4-DA26FD89ED4A}.Release|Mixed Platforms.ActiveCfg = Release|Any CPU
		{0110E42E-E3AA-4A01-A6D4-DA26FD89ED4A}.Release|Mixed Platforms.Build.0 = Release|Any CPU
		{0110E42E-E3AA-4A01-A6D4-DA26FD89ED4A}.Release|x86.ActiveCfg = Release|Any CPU
		{793ED18D-ED6B-4BD1-9617-C077C2B38589}.Debug|Any CPU.ActiveCfg = Debug|Any CPU
		{793ED18D-ED6B-4BD1-9617-C077C2B38589}.Debug|Any CPU.Build.0 = Debug|Any CPU
		{793ED18D-ED6B-4BD1-9617-C077C2B38589}.Debug|Mixed Platforms.ActiveCfg = Debug|Any CPU
		{793ED18D-ED6B-4BD1-9617-C077C2B38589}.Debug|Mixed Platforms.Build.0 = Debug|Any CPU
		{793ED18D-ED6B-4BD1-9617-C077C2B38589}.Debug|x86.ActiveCfg = Debug|Any CPU
		{793ED18D-ED6B-4BD1-9617-C077C2B38589}.Debug|x86.Build.0 = Debug|Any CPU
		{793ED18D-ED6B-4BD1-9617-C077C2B38589}.Release|Any CPU.ActiveCfg = Release|Any CPU
		{793ED18D-ED6B-4BD1-9617-C077C2B38589}.Release|Any CPU.Build.0 = Release|Any CPU
		{793ED18D-ED6B-4BD1-9617-C077C2B38589}.Release|Mixed Platforms.ActiveCfg = Release|Any CPU
		{793ED18D-ED6B-4BD1-9617-C077C2B38589}.Release|Mixed Platforms.Build.0 = Release|Any CPU
		{793ED18D-ED6B-4BD1-9617-C077C2B38589}.Release|x86.ActiveCfg = Release|Any CPU
		{793ED18D-ED6B-4BD1-9617-C077C2B38589}.Release|x86.Build.0 = Release|Any CPU
	EndGlobalSection
	GlobalSection(SolutionProperties) = preSolution
		HideSolutionNode = FALSE
	EndGlobalSection
	GlobalSection(NestedProjects) = preSolution
		{13D56521-772A-41DB-9772-1DA1A4AA8E3A} = {4198A143-EFB9-4E72-A3BD-F2848B78CC21}
		{CA923BCA-C273-4744-9658-7DF7001FF266} = {4198A143-EFB9-4E72-A3BD-F2848B78CC21}
		{98944472-E50A-4771-969D-4C0349D085A4} = {B774DC6A-F933-4EC3-A61F-E07344EF8ED2}
		{AD03BF13-802D-4E5F-A939-24484299E014} = {B774DC6A-F933-4EC3-A61F-E07344EF8ED2}
		{12319188-8893-4FE4-BF1D-62B85661DEA9} = {4198A143-EFB9-4E72-A3BD-F2848B78CC21}
		{AA2BB7A4-B590-40E7-A749-BCC87B68FEAC} = {4198A143-EFB9-4E72-A3BD-F2848B78CC21}
		{ED164049-BCFD-4837-96F4-9A5FA417931D} = {4198A143-EFB9-4E72-A3BD-F2848B78CC21}
		{6C2097C0-C2EA-410F-B4BB-A58C63A08709} = {4198A143-EFB9-4E72-A3BD-F2848B78CC21}
		{75162148-B884-4575-8E14-5320DD137760} = {564BD198-09CB-45D1-87F2-E2153FE6D62F}
		{454066F7-42BF-435E-BDF7-2D11948D53B4} = {75162148-B884-4575-8E14-5320DD137760}
		{853E4C7F-D5AA-4756-BAF3-13F25F460C4E} = {75162148-B884-4575-8E14-5320DD137760}
		{E5A1C705-974C-4377-BAF3-55359A42BEF0} = {564BD198-09CB-45D1-87F2-E2153FE6D62F}
		{A338C9EA-391D-405D-B480-D1B67C0C9369} = {E5A1C705-974C-4377-BAF3-55359A42BEF0}
		{F4B81CF1-FF35-46E4-9C15-97C398A674F5} = {75162148-B884-4575-8E14-5320DD137760}
		{83B7D6E7-6AE1-4786-9C26-4E2E73216EC9} = {4198A143-EFB9-4E72-A3BD-F2848B78CC21}
		{0203A0DD-836B-4F9E-A766-73396DDE8F34} = {B774DC6A-F933-4EC3-A61F-E07344EF8ED2}
		{437FC69D-3EB5-4139-B9CD-86198AFDFD93} = {4198A143-EFB9-4E72-A3BD-F2848B78CC21}
		{DC70438D-6050-435C-B365-ABF68CF8891D} = {75162148-B884-4575-8E14-5320DD137760}
		{64547E3E-F74E-48C2-8091-795A6C04B99C} = {75162148-B884-4575-8E14-5320DD137760}
		{791651E4-4422-4A31-8DDE-6B1AD79B377A} = {B774DC6A-F933-4EC3-A61F-E07344EF8ED2}
		{0110E42E-E3AA-4A01-A6D4-DA26FD89ED4A} = {4198A143-EFB9-4E72-A3BD-F2848B78CC21}
		{F131A0F4-D7BC-4717-812A-CE937DB64BE9} = {75162148-B884-4575-8E14-5320DD137760}
		{793ED18D-ED6B-4BD1-9617-C077C2B38589} = {B774DC6A-F933-4EC3-A61F-E07344EF8ED2}
	EndGlobalSection
EndGlobal
