
Microsoft Visual Studio Solution File, Format Version 10.00
# Visual Studio 2008
Project("{F2A71F9B-5D33-465A-A702-920D77279786}") = "FAKE", "src\app\FAKE\FAKE.fsproj", "{CA923BCA-C273-4744-9658-7DF7001FF266}"
EndProject
Project("{F2A71F9B-5D33-465A-A702-920D77279786}") = "FakeLib", "src\app\FakeLib\FakeLib.fsproj", "{13D56521-772A-41DB-9772-1DA1A4AA8E3A}"
EndProject
Project("{2150E333-8FDC-42A3-9474-1A3956D46DE8}") = "Solution Items", "Solution Items", "{4DA3E0AC-367C-48A7-9028-2D99DFBC87E0}"
	ProjectSection(SolutionItems) = preProject
		build.bat = build.bat
		build.fsx = build.fsx
	EndProjectSection
EndProject
Project("{FAE04EC0-301F-11D3-BF4B-00C04F79EFBC}") = "Test.FAKECore", "src\test\Test.FAKECore\Test.FAKECore.csproj", "{98944472-E50A-4771-969D-4C0349D085A4}"
EndProject
Global
	GlobalSection(SolutionConfigurationPlatforms) = preSolution
		Debug|Any CPU = Debug|Any CPU
		Release|Any CPU = Release|Any CPU
	EndGlobalSection
	GlobalSection(ProjectConfigurationPlatforms) = postSolution
		{CA923BCA-C273-4744-9658-7DF7001FF266}.Debug|Any CPU.ActiveCfg = Debug|Any CPU
		{CA923BCA-C273-4744-9658-7DF7001FF266}.Debug|Any CPU.Build.0 = Debug|Any CPU
		{CA923BCA-C273-4744-9658-7DF7001FF266}.Release|Any CPU.ActiveCfg = Release|Any CPU
		{CA923BCA-C273-4744-9658-7DF7001FF266}.Release|Any CPU.Build.0 = Release|Any CPU
		{13D56521-772A-41DB-9772-1DA1A4AA8E3A}.Debug|Any CPU.ActiveCfg = Debug|Any CPU
		{13D56521-772A-41DB-9772-1DA1A4AA8E3A}.Debug|Any CPU.Build.0 = Debug|Any CPU
		{13D56521-772A-41DB-9772-1DA1A4AA8E3A}.Release|Any CPU.ActiveCfg = Release|Any CPU
		{13D56521-772A-41DB-9772-1DA1A4AA8E3A}.Release|Any CPU.Build.0 = Release|Any CPU
		{98944472-E50A-4771-969D-4C0349D085A4}.Debug|Any CPU.ActiveCfg = Debug|Any CPU
		{98944472-E50A-4771-969D-4C0349D085A4}.Debug|Any CPU.Build.0 = Debug|Any CPU
		{98944472-E50A-4771-969D-4C0349D085A4}.Release|Any CPU.ActiveCfg = Release|Any CPU
		{98944472-E50A-4771-969D-4C0349D085A4}.Release|Any CPU.Build.0 = Release|Any CPU
	EndGlobalSection
	GlobalSection(SolutionProperties) = preSolution
		HideSolutionNode = FALSE
	EndGlobalSection
EndGlobal
