NUGET
  remote: http://nuget.org/api/v2
  specs:
    bootstrap (3.2.0)
      jQuery (>= 1.9.0)
    CsQuery (1.3.4)
    FAKE (3.7.9)
    FsCheck (0.9.4.0)
    FsCheck.Xunit (0.4.1.0)
      FsCheck (>= 0)
      xunit (>= 1.9.2 <  3.0)
    FSharp.Compiler.Service (0.0.67)
    FSharp.Formatting (2.4.36)
      FSharp.Compiler.Service (0.0.67)
      Microsoft.AspNet.Razor (2.0.30506.0)
      RazorEngine (3.3.0)
    jQuery (2.1.1)
    Knockout.Mapping (2.4.0)
      knockoutjs (>= 2.0.0)
    knockoutjs (3.2.0)
    log4net (2.0.3)
    Machine.Specifications (0.8.3)
    Machine.Specifications.Should (0.7.2)
      Machine.Specifications (>= 0.7 <  1.0)
    Microsoft.AspNet.Razor (2.0.30506.0)
    Microsoft.CompilerServices.AsyncTargetingPack (1.0.1)
    Microsoft.Web.Administration (7.9.0.0)
    Microsoft.Web.Xdt (2.1.1)
    Mono.Cecil (0.9.5.4)
    Nancy (0.23.2)
    Nancy.Authentication.Forms (0.23.2)
      Nancy (>= 0.23.2)
    Nancy.Authentication.Stateless (0.23.2)
      Nancy (>= 0.23.2)
    Nancy.Hosting.Aspnet (0.23.2)
      Nancy (>= 0.23.2)
    Nancy.Hosting.Self (0.23.2)
      Nancy (>= 0.23.2)
    Nancy.Serialization.JsonNet (0.23.2)
      Nancy (>= 0.23.2)
      Newtonsoft.Json (>= 0)
    Nancy.Testing (0.23.2)
      CsQuery (>= 1.3.3)
      Nancy (>= 0.23.2)
    Nancy.Viewengines.Razor (0.23.2)
      Microsoft.AspNet.Razor (>= 0)
      Microsoft.AspNet.Razor (>= 2.0.30506)
      Nancy (>= 0)
    Newtonsoft.Json (6.0.6)
    NuGet.CommandLine (2.8.3)
    Nuget.Core (2.8.3)
      Microsoft.Web.Xdt (>= 2.1.0)
    RavenDB.Client (2.5.2935)
      Microsoft.CompilerServices.AsyncTargetingPack (>= 0)
    RavenDB.Server (2.5.2935)
    RazorEngine (3.3.0)
      Microsoft.AspNet.Razor (>= 2.0.30506.0)
    SourceLink.Fake (0.4.0)
    SSH.NET (2013.4.7)
    System.Web.Razor.Unofficial (2.0.2)
    toastr (2.0.3)
      jQuery (>= 1.6.3)
    UnionArgParser (0.8.2)
    xunit (1.9.2)
    xunit.extensions (1.9.2)
      xunit (1.9.2)
    xunit.runners (1.9.2)
