
Microsoft Visual Studio Solution File, Format Version 12.00
# Visual Studio 15
VisualStudioVersion = 15.0.26124.0
MinimumVisualStudioVersion = 15.0.26124.0
Project("{2150E333-8FDC-42A3-9474-1A3956D46DE8}") = "app", "app", "{7BFFAE76-DEE9-417A-A79B-6A6644C4553A}"
EndProject
Project("{F2A71F9B-5D33-465A-A702-920D77279786}") = "Fake.Core.BuildServer", "app\Fake.Core.BuildServer\Fake.Core.BuildServer.fsproj", "{E2CF8635-E7C4-4470-92DD-F706F052BF7B}"
EndProject
Project("{F2A71F9B-5D33-465A-A702-920D77279786}") = "Fake.Core.Context", "app\Fake.Core.Context\Fake.Core.Context.fsproj", "{D3D92ED7-C2B9-46D5-B611-A2CF0C30C8DB}"
EndProject
Project("{F2A71F9B-5D33-465A-A702-920D77279786}") = "Fake.Core.Environment", "app\Fake.Core.Environment\Fake.Core.Environment.fsproj", "{A2C4A85F-24C4-4FFA-B165-4807B1127C4E}"
EndProject
Project("{F2A71F9B-5D33-465A-A702-920D77279786}") = "Fake.Core.Globbing", "app\Fake.Core.Globbing\Fake.Core.Globbing.fsproj", "{20CB4CDC-7813-4F80-8321-FBFBB0B5EE2D}"
EndProject
Project("{F2A71F9B-5D33-465A-A702-920D77279786}") = "Fake.Core.Process", "app\Fake.Core.Process\Fake.Core.Process.fsproj", "{DB09FF66-8750-40B8-9E25-70FADD9CF0BD}"
EndProject
Project("{F2A71F9B-5D33-465A-A702-920D77279786}") = "Fake.Core.ReleaseNotes", "app\Fake.Core.ReleaseNotes\Fake.Core.ReleaseNotes.fsproj", "{FEDE1F15-C0A5-4DA1-B20D-0A0C28F6858E}"
EndProject
Project("{F2A71F9B-5D33-465A-A702-920D77279786}") = "Fake.Core.SemVer", "app\Fake.Core.SemVer\Fake.Core.SemVer.fsproj", "{AFCCC2AB-EFFE-4CAE-ACAD-3434B04D3A4E}"
EndProject
Project("{F2A71F9B-5D33-465A-A702-920D77279786}") = "Fake.Core.String", "app\Fake.Core.String\Fake.Core.String.fsproj", "{D5B2FEB2-BA3A-492D-B83D-414835043D86}"
EndProject
Project("{F2A71F9B-5D33-465A-A702-920D77279786}") = "Fake.Core.Tracing", "app\Fake.Core.Tracing\Fake.Core.Tracing.fsproj", "{9430365D-C956-4290-A006-A87F9083DC4B}"
EndProject
Project("{F2A71F9B-5D33-465A-A702-920D77279786}") = "Fake.Core.Targets", "app\Fake.Core.Targets\Fake.Core.Targets.fsproj", "{0C28F2FB-2B12-4893-AAA4-2C2548926847}"
EndProject
Project("{F2A71F9B-5D33-465A-A702-920D77279786}") = "Fake.Core.Tasks", "app\Fake.Core.Tasks\Fake.Core.Tasks.fsproj", "{83860B89-4A95-49A5-B4D6-B8F3345498E9}"
EndProject
Project("{F2A71F9B-5D33-465A-A702-920D77279786}") = "Fake.Core.Xml", "app\Fake.Core.Xml\Fake.Core.Xml.fsproj", "{C3C12DCE-7AC4-4E97-A7FC-49189D218885}"
EndProject
Project("{F2A71F9B-5D33-465A-A702-920D77279786}") = "Fake.DotNet.AssemblyInfoFile", "app\Fake.DotNet.AssemblyInfoFile\Fake.DotNet.AssemblyInfoFile.fsproj", "{BB293F2E-C3BD-4F1C-8345-8AEF01998D2C}"
EndProject
Project("{F2A71F9B-5D33-465A-A702-920D77279786}") = "Fake.DotNet.Cli", "app\Fake.DotNet.Cli\Fake.DotNet.Cli.fsproj", "{B2C0063A-FC66-4883-BB69-B1DBE6BF9CA2}"
EndProject
Project("{F2A71F9B-5D33-465A-A702-920D77279786}") = "Fake.DotNet.MsBuild", "app\Fake.DotNet.MsBuild\Fake.DotNet.MsBuild.fsproj", "{64195C50-E138-4218-A7CE-13CD4565B87E}"
EndProject
Project("{F2A71F9B-5D33-465A-A702-920D77279786}") = "Fake.DotNet.NuGet", "app\Fake.DotNet.NuGet\Fake.DotNet.NuGet.fsproj", "{93F1A71E-54E2-4C65-BB1E-1D499890317F}"
EndProject
Project("{F2A71F9B-5D33-465A-A702-920D77279786}") = "Fake.DotNet.Testing.MSpec", "app\Fake.DotNet.Testing.MSpec\Fake.DotNet.Testing.MSpec.fsproj", "{C1B87E1F-8D0D-4A78-9A24-9D5D38B7E9A8}"
EndProject
Project("{F2A71F9B-5D33-465A-A702-920D77279786}") = "Fake.DotNet.Testing.NUnit", "app\Fake.DotNet.Testing.NUnit\Fake.DotNet.Testing.NUnit.fsproj", "{75C9DD21-B4EA-4117-BF4F-AFE777A80B5B}"
EndProject
Project("{F2A71F9B-5D33-465A-A702-920D77279786}") = "Fake.DotNet.Testing.XUnit2", "app\Fake.DotNet.Testing.XUnit2\Fake.DotNet.Testing.XUnit2.fsproj", "{21E2FE31-4E7C-489E-8215-9303108A2F39}"
EndProject
Project("{F2A71F9B-5D33-465A-A702-920D77279786}") = "Fake.DotNet.Testing.MSTest", "app\Fake.DotNet.Testing.MSTest\Fake.DotNet.Testing.MSTest.fsproj", "{21E2FE31-4E7C-489E-8215-9303108A2F30}"
EndProject
Project("{F2A71F9B-5D33-465A-A702-920D77279786}") = "Fake.IO.FileSystem", "app\Fake.IO.FileSystem\Fake.IO.FileSystem.fsproj", "{4B1416CD-C7CB-4670-8EFE-871ED316D51D}"
EndProject
Project("{F2A71F9B-5D33-465A-A702-920D77279786}") = "Fake.IO.Zip", "app\Fake.IO.Zip\Fake.IO.Zip.fsproj", "{46ED6A9C-C5BF-4495-924E-478736FC280E}"
EndProject
Project("{F2A71F9B-5D33-465A-A702-920D77279786}") = "Fake.Runtime", "app\Fake.Runtime\Fake.Runtime.fsproj", "{44A3F022-D70A-422D-B850-824BB572F2AF}"
EndProject
Project("{F2A71F9B-5D33-465A-A702-920D77279786}") = "Fake.Testing.Common", "app\Fake.Testing.Common\Fake.Testing.Common.fsproj", "{7D629246-957C-4989-A1E6-29C673086925}"
EndProject
Project("{F2A71F9B-5D33-465A-A702-920D77279786}") = "Fake.Windows.Chocolatey", "app\Fake.Windows.Chocolatey\Fake.Windows.Chocolatey.fsproj", "{A95B731B-5887-4EF5-A64D-B643FA8EBD92}"
EndProject
Project("{F2A71F9B-5D33-465A-A702-920D77279786}") = "Fake.Tools.Git", "app\Fake.Tools.Git\Fake.Tools.Git.fsproj", "{E32B2631-476A-4C2D-AE18-275ED7A22F10}"
EndProject
Project("{F2A71F9B-5D33-465A-A702-920D77279786}") = "Fake.DotNet.FSFormatting", "app\Fake.DotNet.FSFormatting\Fake.DotNet.FSFormatting.fsproj", "{80314941-78D5-4928-B943-93FC945E050F}"
EndProject
Project("{F2A71F9B-5D33-465A-A702-920D77279786}") = "Fake.DotNet.Paket", "app\Fake.DotNet.Paket\Fake.DotNet.Paket.fsproj", "{CDFB2B10-050A-4188-8F72-2BCC61E9814F}"
EndProject
Project("{F2A71F9B-5D33-465A-A702-920D77279786}") = "Fake.netcore", "app\Fake.netcore\Fake.netcore.fsproj", "{6B339DA3-8DED-4262-A427-3C4CCDD00650}"
EndProject
Project("{F2A71F9B-5D33-465A-A702-920D77279786}") = "Fake.Testing.SonarQube", "app\Fake.Testing.SonarQube\Fake.Testing.SonarQube.fsproj", "{2A985028-4410-40F7-992C-5397DC1ED116}"
EndProject
Project("{F2A71F9B-5D33-465A-A702-920D77279786}") = "Fake.DotNet.Testing.OpenCover", "app\Fake.DotNet.Testing.OpenCover\Fake.DotNet.Testing.OpenCover.fsproj", "{A9AF015B-43C9-405E-BF74-CE936B8418F9}"
EndProject
Project("{F2A71F9B-5D33-465A-A702-920D77279786}") = "Fake.Api.Slack", "app\Fake.Api.Slack\Fake.Api.Slack.fsproj", "{58A3EDF0-CA9D-4757-B1E8-2A4E3592B308}"
EndProject
Global
	GlobalSection(SolutionConfigurationPlatforms) = preSolution
		Debug|Any CPU = Debug|Any CPU
		Debug|x64 = Debug|x64
		Debug|x86 = Debug|x86
		Release|Any CPU = Release|Any CPU
		Release|x64 = Release|x64
		Release|x86 = Release|x86
	EndGlobalSection
	GlobalSection(SolutionProperties) = preSolution
		HideSolutionNode = FALSE
	EndGlobalSection
	GlobalSection(ProjectConfigurationPlatforms) = postSolution
		{E2CF8635-E7C4-4470-92DD-F706F052BF7B}.Debug|Any CPU.ActiveCfg = Debug|Any CPU
		{E2CF8635-E7C4-4470-92DD-F706F052BF7B}.Debug|Any CPU.Build.0 = Debug|Any CPU
		{E2CF8635-E7C4-4470-92DD-F706F052BF7B}.Debug|x64.ActiveCfg = Debug|x64
		{E2CF8635-E7C4-4470-92DD-F706F052BF7B}.Debug|x64.Build.0 = Debug|x64
		{E2CF8635-E7C4-4470-92DD-F706F052BF7B}.Debug|x86.ActiveCfg = Debug|x86
		{E2CF8635-E7C4-4470-92DD-F706F052BF7B}.Debug|x86.Build.0 = Debug|x86
		{E2CF8635-E7C4-4470-92DD-F706F052BF7B}.Release|Any CPU.ActiveCfg = Release|Any CPU
		{E2CF8635-E7C4-4470-92DD-F706F052BF7B}.Release|Any CPU.Build.0 = Release|Any CPU
		{E2CF8635-E7C4-4470-92DD-F706F052BF7B}.Release|x64.ActiveCfg = Release|x64
		{E2CF8635-E7C4-4470-92DD-F706F052BF7B}.Release|x64.Build.0 = Release|x64
		{E2CF8635-E7C4-4470-92DD-F706F052BF7B}.Release|x86.ActiveCfg = Release|x86
		{E2CF8635-E7C4-4470-92DD-F706F052BF7B}.Release|x86.Build.0 = Release|x86
		{D3D92ED7-C2B9-46D5-B611-A2CF0C30C8DB}.Debug|Any CPU.ActiveCfg = Debug|Any CPU
		{D3D92ED7-C2B9-46D5-B611-A2CF0C30C8DB}.Debug|Any CPU.Build.0 = Debug|Any CPU
		{D3D92ED7-C2B9-46D5-B611-A2CF0C30C8DB}.Debug|x64.ActiveCfg = Debug|x64
		{D3D92ED7-C2B9-46D5-B611-A2CF0C30C8DB}.Debug|x64.Build.0 = Debug|x64
		{D3D92ED7-C2B9-46D5-B611-A2CF0C30C8DB}.Debug|x86.ActiveCfg = Debug|x86
		{D3D92ED7-C2B9-46D5-B611-A2CF0C30C8DB}.Debug|x86.Build.0 = Debug|x86
		{D3D92ED7-C2B9-46D5-B611-A2CF0C30C8DB}.Release|Any CPU.ActiveCfg = Release|Any CPU
		{D3D92ED7-C2B9-46D5-B611-A2CF0C30C8DB}.Release|Any CPU.Build.0 = Release|Any CPU
		{D3D92ED7-C2B9-46D5-B611-A2CF0C30C8DB}.Release|x64.ActiveCfg = Release|x64
		{D3D92ED7-C2B9-46D5-B611-A2CF0C30C8DB}.Release|x64.Build.0 = Release|x64
		{D3D92ED7-C2B9-46D5-B611-A2CF0C30C8DB}.Release|x86.ActiveCfg = Release|x86
		{D3D92ED7-C2B9-46D5-B611-A2CF0C30C8DB}.Release|x86.Build.0 = Release|x86
		{A2C4A85F-24C4-4FFA-B165-4807B1127C4E}.Debug|Any CPU.ActiveCfg = Debug|Any CPU
		{A2C4A85F-24C4-4FFA-B165-4807B1127C4E}.Debug|Any CPU.Build.0 = Debug|Any CPU
		{A2C4A85F-24C4-4FFA-B165-4807B1127C4E}.Debug|x64.ActiveCfg = Debug|x64
		{A2C4A85F-24C4-4FFA-B165-4807B1127C4E}.Debug|x64.Build.0 = Debug|x64
		{A2C4A85F-24C4-4FFA-B165-4807B1127C4E}.Debug|x86.ActiveCfg = Debug|x86
		{A2C4A85F-24C4-4FFA-B165-4807B1127C4E}.Debug|x86.Build.0 = Debug|x86
		{A2C4A85F-24C4-4FFA-B165-4807B1127C4E}.Release|Any CPU.ActiveCfg = Release|Any CPU
		{A2C4A85F-24C4-4FFA-B165-4807B1127C4E}.Release|Any CPU.Build.0 = Release|Any CPU
		{A2C4A85F-24C4-4FFA-B165-4807B1127C4E}.Release|x64.ActiveCfg = Release|x64
		{A2C4A85F-24C4-4FFA-B165-4807B1127C4E}.Release|x64.Build.0 = Release|x64
		{A2C4A85F-24C4-4FFA-B165-4807B1127C4E}.Release|x86.ActiveCfg = Release|x86
		{A2C4A85F-24C4-4FFA-B165-4807B1127C4E}.Release|x86.Build.0 = Release|x86
		{20CB4CDC-7813-4F80-8321-FBFBB0B5EE2D}.Debug|Any CPU.ActiveCfg = Debug|Any CPU
		{20CB4CDC-7813-4F80-8321-FBFBB0B5EE2D}.Debug|Any CPU.Build.0 = Debug|Any CPU
		{20CB4CDC-7813-4F80-8321-FBFBB0B5EE2D}.Debug|x64.ActiveCfg = Debug|x64
		{20CB4CDC-7813-4F80-8321-FBFBB0B5EE2D}.Debug|x64.Build.0 = Debug|x64
		{20CB4CDC-7813-4F80-8321-FBFBB0B5EE2D}.Debug|x86.ActiveCfg = Debug|x86
		{20CB4CDC-7813-4F80-8321-FBFBB0B5EE2D}.Debug|x86.Build.0 = Debug|x86
		{20CB4CDC-7813-4F80-8321-FBFBB0B5EE2D}.Release|Any CPU.ActiveCfg = Release|Any CPU
		{20CB4CDC-7813-4F80-8321-FBFBB0B5EE2D}.Release|Any CPU.Build.0 = Release|Any CPU
		{20CB4CDC-7813-4F80-8321-FBFBB0B5EE2D}.Release|x64.ActiveCfg = Release|x64
		{20CB4CDC-7813-4F80-8321-FBFBB0B5EE2D}.Release|x64.Build.0 = Release|x64
		{20CB4CDC-7813-4F80-8321-FBFBB0B5EE2D}.Release|x86.ActiveCfg = Release|x86
		{20CB4CDC-7813-4F80-8321-FBFBB0B5EE2D}.Release|x86.Build.0 = Release|x86
		{DB09FF66-8750-40B8-9E25-70FADD9CF0BD}.Debug|Any CPU.ActiveCfg = Debug|Any CPU
		{DB09FF66-8750-40B8-9E25-70FADD9CF0BD}.Debug|Any CPU.Build.0 = Debug|Any CPU
		{DB09FF66-8750-40B8-9E25-70FADD9CF0BD}.Debug|x64.ActiveCfg = Debug|x64
		{DB09FF66-8750-40B8-9E25-70FADD9CF0BD}.Debug|x64.Build.0 = Debug|x64
		{DB09FF66-8750-40B8-9E25-70FADD9CF0BD}.Debug|x86.ActiveCfg = Debug|x86
		{DB09FF66-8750-40B8-9E25-70FADD9CF0BD}.Debug|x86.Build.0 = Debug|x86
		{DB09FF66-8750-40B8-9E25-70FADD9CF0BD}.Release|Any CPU.ActiveCfg = Release|Any CPU
		{DB09FF66-8750-40B8-9E25-70FADD9CF0BD}.Release|Any CPU.Build.0 = Release|Any CPU
		{DB09FF66-8750-40B8-9E25-70FADD9CF0BD}.Release|x64.ActiveCfg = Release|x64
		{DB09FF66-8750-40B8-9E25-70FADD9CF0BD}.Release|x64.Build.0 = Release|x64
		{DB09FF66-8750-40B8-9E25-70FADD9CF0BD}.Release|x86.ActiveCfg = Release|x86
		{DB09FF66-8750-40B8-9E25-70FADD9CF0BD}.Release|x86.Build.0 = Release|x86
		{FEDE1F15-C0A5-4DA1-B20D-0A0C28F6858E}.Debug|Any CPU.ActiveCfg = Debug|Any CPU
		{FEDE1F15-C0A5-4DA1-B20D-0A0C28F6858E}.Debug|Any CPU.Build.0 = Debug|Any CPU
		{FEDE1F15-C0A5-4DA1-B20D-0A0C28F6858E}.Debug|x64.ActiveCfg = Debug|x64
		{FEDE1F15-C0A5-4DA1-B20D-0A0C28F6858E}.Debug|x64.Build.0 = Debug|x64
		{FEDE1F15-C0A5-4DA1-B20D-0A0C28F6858E}.Debug|x86.ActiveCfg = Debug|x86
		{FEDE1F15-C0A5-4DA1-B20D-0A0C28F6858E}.Debug|x86.Build.0 = Debug|x86
		{FEDE1F15-C0A5-4DA1-B20D-0A0C28F6858E}.Release|Any CPU.ActiveCfg = Release|Any CPU
		{FEDE1F15-C0A5-4DA1-B20D-0A0C28F6858E}.Release|Any CPU.Build.0 = Release|Any CPU
		{FEDE1F15-C0A5-4DA1-B20D-0A0C28F6858E}.Release|x64.ActiveCfg = Release|x64
		{FEDE1F15-C0A5-4DA1-B20D-0A0C28F6858E}.Release|x64.Build.0 = Release|x64
		{FEDE1F15-C0A5-4DA1-B20D-0A0C28F6858E}.Release|x86.ActiveCfg = Release|x86
		{FEDE1F15-C0A5-4DA1-B20D-0A0C28F6858E}.Release|x86.Build.0 = Release|x86
		{AFCCC2AB-EFFE-4CAE-ACAD-3434B04D3A4E}.Debug|Any CPU.ActiveCfg = Debug|Any CPU
		{AFCCC2AB-EFFE-4CAE-ACAD-3434B04D3A4E}.Debug|Any CPU.Build.0 = Debug|Any CPU
		{AFCCC2AB-EFFE-4CAE-ACAD-3434B04D3A4E}.Debug|x64.ActiveCfg = Debug|x64
		{AFCCC2AB-EFFE-4CAE-ACAD-3434B04D3A4E}.Debug|x64.Build.0 = Debug|x64
		{AFCCC2AB-EFFE-4CAE-ACAD-3434B04D3A4E}.Debug|x86.ActiveCfg = Debug|x86
		{AFCCC2AB-EFFE-4CAE-ACAD-3434B04D3A4E}.Debug|x86.Build.0 = Debug|x86
		{AFCCC2AB-EFFE-4CAE-ACAD-3434B04D3A4E}.Release|Any CPU.ActiveCfg = Release|Any CPU
		{AFCCC2AB-EFFE-4CAE-ACAD-3434B04D3A4E}.Release|Any CPU.Build.0 = Release|Any CPU
		{AFCCC2AB-EFFE-4CAE-ACAD-3434B04D3A4E}.Release|x64.ActiveCfg = Release|x64
		{AFCCC2AB-EFFE-4CAE-ACAD-3434B04D3A4E}.Release|x64.Build.0 = Release|x64
		{AFCCC2AB-EFFE-4CAE-ACAD-3434B04D3A4E}.Release|x86.ActiveCfg = Release|x86
		{AFCCC2AB-EFFE-4CAE-ACAD-3434B04D3A4E}.Release|x86.Build.0 = Release|x86
		{D5B2FEB2-BA3A-492D-B83D-414835043D86}.Debug|Any CPU.ActiveCfg = Debug|Any CPU
		{D5B2FEB2-BA3A-492D-B83D-414835043D86}.Debug|Any CPU.Build.0 = Debug|Any CPU
		{D5B2FEB2-BA3A-492D-B83D-414835043D86}.Debug|x64.ActiveCfg = Debug|x64
		{D5B2FEB2-BA3A-492D-B83D-414835043D86}.Debug|x64.Build.0 = Debug|x64
		{D5B2FEB2-BA3A-492D-B83D-414835043D86}.Debug|x86.ActiveCfg = Debug|x86
		{D5B2FEB2-BA3A-492D-B83D-414835043D86}.Debug|x86.Build.0 = Debug|x86
		{D5B2FEB2-BA3A-492D-B83D-414835043D86}.Release|Any CPU.ActiveCfg = Release|Any CPU
		{D5B2FEB2-BA3A-492D-B83D-414835043D86}.Release|Any CPU.Build.0 = Release|Any CPU
		{D5B2FEB2-BA3A-492D-B83D-414835043D86}.Release|x64.ActiveCfg = Release|x64
		{D5B2FEB2-BA3A-492D-B83D-414835043D86}.Release|x64.Build.0 = Release|x64
		{D5B2FEB2-BA3A-492D-B83D-414835043D86}.Release|x86.ActiveCfg = Release|x86
		{D5B2FEB2-BA3A-492D-B83D-414835043D86}.Release|x86.Build.0 = Release|x86
		{9430365D-C956-4290-A006-A87F9083DC4B}.Debug|Any CPU.ActiveCfg = Debug|Any CPU
		{9430365D-C956-4290-A006-A87F9083DC4B}.Debug|Any CPU.Build.0 = Debug|Any CPU
		{9430365D-C956-4290-A006-A87F9083DC4B}.Debug|x64.ActiveCfg = Debug|x64
		{9430365D-C956-4290-A006-A87F9083DC4B}.Debug|x64.Build.0 = Debug|x64
		{9430365D-C956-4290-A006-A87F9083DC4B}.Debug|x86.ActiveCfg = Debug|x86
		{9430365D-C956-4290-A006-A87F9083DC4B}.Debug|x86.Build.0 = Debug|x86
		{9430365D-C956-4290-A006-A87F9083DC4B}.Release|Any CPU.ActiveCfg = Release|Any CPU
		{9430365D-C956-4290-A006-A87F9083DC4B}.Release|Any CPU.Build.0 = Release|Any CPU
		{9430365D-C956-4290-A006-A87F9083DC4B}.Release|x64.ActiveCfg = Release|x64
		{9430365D-C956-4290-A006-A87F9083DC4B}.Release|x64.Build.0 = Release|x64
		{9430365D-C956-4290-A006-A87F9083DC4B}.Release|x86.ActiveCfg = Release|x86
		{9430365D-C956-4290-A006-A87F9083DC4B}.Release|x86.Build.0 = Release|x86
		{0C28F2FB-2B12-4893-AAA4-2C2548926847}.Debug|Any CPU.ActiveCfg = Debug|Any CPU
		{0C28F2FB-2B12-4893-AAA4-2C2548926847}.Debug|Any CPU.Build.0 = Debug|Any CPU
		{0C28F2FB-2B12-4893-AAA4-2C2548926847}.Debug|x64.ActiveCfg = Debug|x64
		{0C28F2FB-2B12-4893-AAA4-2C2548926847}.Debug|x64.Build.0 = Debug|x64
		{0C28F2FB-2B12-4893-AAA4-2C2548926847}.Debug|x86.ActiveCfg = Debug|x86
		{0C28F2FB-2B12-4893-AAA4-2C2548926847}.Debug|x86.Build.0 = Debug|x86
		{0C28F2FB-2B12-4893-AAA4-2C2548926847}.Release|Any CPU.ActiveCfg = Release|Any CPU
		{0C28F2FB-2B12-4893-AAA4-2C2548926847}.Release|Any CPU.Build.0 = Release|Any CPU
		{0C28F2FB-2B12-4893-AAA4-2C2548926847}.Release|x64.ActiveCfg = Release|x64
		{0C28F2FB-2B12-4893-AAA4-2C2548926847}.Release|x64.Build.0 = Release|x64
		{0C28F2FB-2B12-4893-AAA4-2C2548926847}.Release|x86.ActiveCfg = Release|x86
		{0C28F2FB-2B12-4893-AAA4-2C2548926847}.Release|x86.Build.0 = Release|x86
		{83860B89-4A95-49A5-B4D6-B8F3345498E9}.Debug|Any CPU.ActiveCfg = Debug|Any CPU
		{83860B89-4A95-49A5-B4D6-B8F3345498E9}.Debug|Any CPU.Build.0 = Debug|Any CPU
		{83860B89-4A95-49A5-B4D6-B8F3345498E9}.Debug|x64.ActiveCfg = Debug|x64
		{83860B89-4A95-49A5-B4D6-B8F3345498E9}.Debug|x64.Build.0 = Debug|x64
		{83860B89-4A95-49A5-B4D6-B8F3345498E9}.Debug|x86.ActiveCfg = Debug|x86
		{83860B89-4A95-49A5-B4D6-B8F3345498E9}.Debug|x86.Build.0 = Debug|x86
		{83860B89-4A95-49A5-B4D6-B8F3345498E9}.Release|Any CPU.ActiveCfg = Release|Any CPU
		{83860B89-4A95-49A5-B4D6-B8F3345498E9}.Release|Any CPU.Build.0 = Release|Any CPU
		{83860B89-4A95-49A5-B4D6-B8F3345498E9}.Release|x64.ActiveCfg = Release|x64
		{83860B89-4A95-49A5-B4D6-B8F3345498E9}.Release|x64.Build.0 = Release|x64
		{83860B89-4A95-49A5-B4D6-B8F3345498E9}.Release|x86.ActiveCfg = Release|x86
		{83860B89-4A95-49A5-B4D6-B8F3345498E9}.Release|x86.Build.0 = Release|x86
		{C3C12DCE-7AC4-4E97-A7FC-49189D218885}.Debug|Any CPU.ActiveCfg = Debug|Any CPU
		{C3C12DCE-7AC4-4E97-A7FC-49189D218885}.Debug|Any CPU.Build.0 = Debug|Any CPU
		{C3C12DCE-7AC4-4E97-A7FC-49189D218885}.Debug|x64.ActiveCfg = Debug|x64
		{C3C12DCE-7AC4-4E97-A7FC-49189D218885}.Debug|x64.Build.0 = Debug|x64
		{C3C12DCE-7AC4-4E97-A7FC-49189D218885}.Debug|x86.ActiveCfg = Debug|x86
		{C3C12DCE-7AC4-4E97-A7FC-49189D218885}.Debug|x86.Build.0 = Debug|x86
		{C3C12DCE-7AC4-4E97-A7FC-49189D218885}.Release|Any CPU.ActiveCfg = Release|Any CPU
		{C3C12DCE-7AC4-4E97-A7FC-49189D218885}.Release|Any CPU.Build.0 = Release|Any CPU
		{C3C12DCE-7AC4-4E97-A7FC-49189D218885}.Release|x64.ActiveCfg = Release|x64
		{C3C12DCE-7AC4-4E97-A7FC-49189D218885}.Release|x64.Build.0 = Release|x64
		{C3C12DCE-7AC4-4E97-A7FC-49189D218885}.Release|x86.ActiveCfg = Release|x86
		{C3C12DCE-7AC4-4E97-A7FC-49189D218885}.Release|x86.Build.0 = Release|x86
		{BB293F2E-C3BD-4F1C-8345-8AEF01998D2C}.Debug|Any CPU.ActiveCfg = Debug|Any CPU
		{BB293F2E-C3BD-4F1C-8345-8AEF01998D2C}.Debug|Any CPU.Build.0 = Debug|Any CPU
		{BB293F2E-C3BD-4F1C-8345-8AEF01998D2C}.Debug|x64.ActiveCfg = Debug|x64
		{BB293F2E-C3BD-4F1C-8345-8AEF01998D2C}.Debug|x64.Build.0 = Debug|x64
		{BB293F2E-C3BD-4F1C-8345-8AEF01998D2C}.Debug|x86.ActiveCfg = Debug|x86
		{BB293F2E-C3BD-4F1C-8345-8AEF01998D2C}.Debug|x86.Build.0 = Debug|x86
		{BB293F2E-C3BD-4F1C-8345-8AEF01998D2C}.Release|Any CPU.ActiveCfg = Release|Any CPU
		{BB293F2E-C3BD-4F1C-8345-8AEF01998D2C}.Release|Any CPU.Build.0 = Release|Any CPU
		{BB293F2E-C3BD-4F1C-8345-8AEF01998D2C}.Release|x64.ActiveCfg = Release|x64
		{BB293F2E-C3BD-4F1C-8345-8AEF01998D2C}.Release|x64.Build.0 = Release|x64
		{BB293F2E-C3BD-4F1C-8345-8AEF01998D2C}.Release|x86.ActiveCfg = Release|x86
		{BB293F2E-C3BD-4F1C-8345-8AEF01998D2C}.Release|x86.Build.0 = Release|x86
		{B2C0063A-FC66-4883-BB69-B1DBE6BF9CA2}.Debug|Any CPU.ActiveCfg = Debug|Any CPU
		{B2C0063A-FC66-4883-BB69-B1DBE6BF9CA2}.Debug|Any CPU.Build.0 = Debug|Any CPU
		{B2C0063A-FC66-4883-BB69-B1DBE6BF9CA2}.Debug|x64.ActiveCfg = Debug|x64
		{B2C0063A-FC66-4883-BB69-B1DBE6BF9CA2}.Debug|x64.Build.0 = Debug|x64
		{B2C0063A-FC66-4883-BB69-B1DBE6BF9CA2}.Debug|x86.ActiveCfg = Debug|x86
		{B2C0063A-FC66-4883-BB69-B1DBE6BF9CA2}.Debug|x86.Build.0 = Debug|x86
		{B2C0063A-FC66-4883-BB69-B1DBE6BF9CA2}.Release|Any CPU.ActiveCfg = Release|Any CPU
		{B2C0063A-FC66-4883-BB69-B1DBE6BF9CA2}.Release|Any CPU.Build.0 = Release|Any CPU
		{B2C0063A-FC66-4883-BB69-B1DBE6BF9CA2}.Release|x64.ActiveCfg = Release|x64
		{B2C0063A-FC66-4883-BB69-B1DBE6BF9CA2}.Release|x64.Build.0 = Release|x64
		{B2C0063A-FC66-4883-BB69-B1DBE6BF9CA2}.Release|x86.ActiveCfg = Release|x86
		{B2C0063A-FC66-4883-BB69-B1DBE6BF9CA2}.Release|x86.Build.0 = Release|x86
		{64195C50-E138-4218-A7CE-13CD4565B87E}.Debug|Any CPU.ActiveCfg = Debug|Any CPU
		{64195C50-E138-4218-A7CE-13CD4565B87E}.Debug|Any CPU.Build.0 = Debug|Any CPU
		{64195C50-E138-4218-A7CE-13CD4565B87E}.Debug|x64.ActiveCfg = Debug|x64
		{64195C50-E138-4218-A7CE-13CD4565B87E}.Debug|x64.Build.0 = Debug|x64
		{64195C50-E138-4218-A7CE-13CD4565B87E}.Debug|x86.ActiveCfg = Debug|x86
		{64195C50-E138-4218-A7CE-13CD4565B87E}.Debug|x86.Build.0 = Debug|x86
		{64195C50-E138-4218-A7CE-13CD4565B87E}.Release|Any CPU.ActiveCfg = Release|Any CPU
		{64195C50-E138-4218-A7CE-13CD4565B87E}.Release|Any CPU.Build.0 = Release|Any CPU
		{64195C50-E138-4218-A7CE-13CD4565B87E}.Release|x64.ActiveCfg = Release|x64
		{64195C50-E138-4218-A7CE-13CD4565B87E}.Release|x64.Build.0 = Release|x64
		{64195C50-E138-4218-A7CE-13CD4565B87E}.Release|x86.ActiveCfg = Release|x86
		{64195C50-E138-4218-A7CE-13CD4565B87E}.Release|x86.Build.0 = Release|x86
		{93F1A71E-54E2-4C65-BB1E-1D499890317F}.Debug|Any CPU.ActiveCfg = Debug|Any CPU
		{93F1A71E-54E2-4C65-BB1E-1D499890317F}.Debug|Any CPU.Build.0 = Debug|Any CPU
		{93F1A71E-54E2-4C65-BB1E-1D499890317F}.Debug|x64.ActiveCfg = Debug|x64
		{93F1A71E-54E2-4C65-BB1E-1D499890317F}.Debug|x64.Build.0 = Debug|x64
		{93F1A71E-54E2-4C65-BB1E-1D499890317F}.Debug|x86.ActiveCfg = Debug|x86
		{93F1A71E-54E2-4C65-BB1E-1D499890317F}.Debug|x86.Build.0 = Debug|x86
		{93F1A71E-54E2-4C65-BB1E-1D499890317F}.Release|Any CPU.ActiveCfg = Release|Any CPU
		{93F1A71E-54E2-4C65-BB1E-1D499890317F}.Release|Any CPU.Build.0 = Release|Any CPU
		{93F1A71E-54E2-4C65-BB1E-1D499890317F}.Release|x64.ActiveCfg = Release|x64
		{93F1A71E-54E2-4C65-BB1E-1D499890317F}.Release|x64.Build.0 = Release|x64
		{93F1A71E-54E2-4C65-BB1E-1D499890317F}.Release|x86.ActiveCfg = Release|x86
		{93F1A71E-54E2-4C65-BB1E-1D499890317F}.Release|x86.Build.0 = Release|x86
		{C1B87E1F-8D0D-4A78-9A24-9D5D38B7E9A8}.Debug|Any CPU.ActiveCfg = Debug|Any CPU
		{C1B87E1F-8D0D-4A78-9A24-9D5D38B7E9A8}.Debug|Any CPU.Build.0 = Debug|Any CPU
		{C1B87E1F-8D0D-4A78-9A24-9D5D38B7E9A8}.Debug|x64.ActiveCfg = Debug|x64
		{C1B87E1F-8D0D-4A78-9A24-9D5D38B7E9A8}.Debug|x64.Build.0 = Debug|x64
		{C1B87E1F-8D0D-4A78-9A24-9D5D38B7E9A8}.Debug|x86.ActiveCfg = Debug|x86
		{C1B87E1F-8D0D-4A78-9A24-9D5D38B7E9A8}.Debug|x86.Build.0 = Debug|x86
		{C1B87E1F-8D0D-4A78-9A24-9D5D38B7E9A8}.Release|Any CPU.ActiveCfg = Release|Any CPU
		{C1B87E1F-8D0D-4A78-9A24-9D5D38B7E9A8}.Release|Any CPU.Build.0 = Release|Any CPU
		{C1B87E1F-8D0D-4A78-9A24-9D5D38B7E9A8}.Release|x64.ActiveCfg = Release|x64
		{C1B87E1F-8D0D-4A78-9A24-9D5D38B7E9A8}.Release|x64.Build.0 = Release|x64
		{C1B87E1F-8D0D-4A78-9A24-9D5D38B7E9A8}.Release|x86.ActiveCfg = Release|x86
		{C1B87E1F-8D0D-4A78-9A24-9D5D38B7E9A8}.Release|x86.Build.0 = Release|x86
		{75C9DD21-B4EA-4117-BF4F-AFE777A80B5B}.Debug|Any CPU.ActiveCfg = Debug|Any CPU
		{75C9DD21-B4EA-4117-BF4F-AFE777A80B5B}.Debug|Any CPU.Build.0 = Debug|Any CPU
		{75C9DD21-B4EA-4117-BF4F-AFE777A80B5B}.Debug|x64.ActiveCfg = Debug|x64
		{75C9DD21-B4EA-4117-BF4F-AFE777A80B5B}.Debug|x64.Build.0 = Debug|x64
		{75C9DD21-B4EA-4117-BF4F-AFE777A80B5B}.Debug|x86.ActiveCfg = Debug|x86
		{75C9DD21-B4EA-4117-BF4F-AFE777A80B5B}.Debug|x86.Build.0 = Debug|x86
		{75C9DD21-B4EA-4117-BF4F-AFE777A80B5B}.Release|Any CPU.ActiveCfg = Release|Any CPU
		{75C9DD21-B4EA-4117-BF4F-AFE777A80B5B}.Release|Any CPU.Build.0 = Release|Any CPU
		{75C9DD21-B4EA-4117-BF4F-AFE777A80B5B}.Release|x64.ActiveCfg = Release|x64
		{75C9DD21-B4EA-4117-BF4F-AFE777A80B5B}.Release|x64.Build.0 = Release|x64
		{75C9DD21-B4EA-4117-BF4F-AFE777A80B5B}.Release|x86.ActiveCfg = Release|x86
		{75C9DD21-B4EA-4117-BF4F-AFE777A80B5B}.Release|x86.Build.0 = Release|x86
		{21E2FE31-4E7C-489E-8215-9303108A2F39}.Debug|Any CPU.ActiveCfg = Debug|Any CPU
		{21E2FE31-4E7C-489E-8215-9303108A2F39}.Debug|Any CPU.Build.0 = Debug|Any CPU
		{21E2FE31-4E7C-489E-8215-9303108A2F39}.Debug|x64.ActiveCfg = Debug|x64
		{21E2FE31-4E7C-489E-8215-9303108A2F39}.Debug|x64.Build.0 = Debug|x64
		{21E2FE31-4E7C-489E-8215-9303108A2F39}.Debug|x86.ActiveCfg = Debug|x86
		{21E2FE31-4E7C-489E-8215-9303108A2F39}.Debug|x86.Build.0 = Debug|x86
		{21E2FE31-4E7C-489E-8215-9303108A2F39}.Release|Any CPU.ActiveCfg = Release|Any CPU
		{21E2FE31-4E7C-489E-8215-9303108A2F39}.Release|Any CPU.Build.0 = Release|Any CPU
		{21E2FE31-4E7C-489E-8215-9303108A2F39}.Release|x64.ActiveCfg = Release|x64
		{21E2FE31-4E7C-489E-8215-9303108A2F39}.Release|x64.Build.0 = Release|x64
		{21E2FE31-4E7C-489E-8215-9303108A2F39}.Release|x86.ActiveCfg = Release|x86
		{21E2FE31-4E7C-489E-8215-9303108A2F39}.Release|x86.Build.0 = Release|x86
		{21E2FE31-4E7C-489E-8215-9303108A2F30}.Debug|Any CPU.ActiveCfg = Debug|Any CPU
		{21E2FE31-4E7C-489E-8215-9303108A2F30}.Debug|Any CPU.Build.0 = Debug|Any CPU
		{21E2FE31-4E7C-489E-8215-9303108A2F30}.Debug|x64.ActiveCfg = Debug|x64
		{21E2FE31-4E7C-489E-8215-9303108A2F30}.Debug|x64.Build.0 = Debug|x64
		{21E2FE31-4E7C-489E-8215-9303108A2F30}.Debug|x86.ActiveCfg = Debug|x86
		{21E2FE31-4E7C-489E-8215-9303108A2F30}.Debug|x86.Build.0 = Debug|x86
		{21E2FE31-4E7C-489E-8215-9303108A2F30}.Release|Any CPU.ActiveCfg = Release|Any CPU
		{21E2FE31-4E7C-489E-8215-9303108A2F30}.Release|Any CPU.Build.0 = Release|Any CPU
		{21E2FE31-4E7C-489E-8215-9303108A2F30}.Release|x64.ActiveCfg = Release|x64
		{21E2FE31-4E7C-489E-8215-9303108A2F30}.Release|x64.Build.0 = Release|x64
		{21E2FE31-4E7C-489E-8215-9303108A2F30}.Release|x86.ActiveCfg = Release|x86
		{21E2FE31-4E7C-489E-8215-9303108A2F30}.Release|x86.Build.0 = Release|x86
		{4B1416CD-C7CB-4670-8EFE-871ED316D51D}.Debug|Any CPU.ActiveCfg = Debug|Any CPU
		{4B1416CD-C7CB-4670-8EFE-871ED316D51D}.Debug|Any CPU.Build.0 = Debug|Any CPU
		{4B1416CD-C7CB-4670-8EFE-871ED316D51D}.Debug|x64.ActiveCfg = Debug|x64
		{4B1416CD-C7CB-4670-8EFE-871ED316D51D}.Debug|x64.Build.0 = Debug|x64
		{4B1416CD-C7CB-4670-8EFE-871ED316D51D}.Debug|x86.ActiveCfg = Debug|x86
		{4B1416CD-C7CB-4670-8EFE-871ED316D51D}.Debug|x86.Build.0 = Debug|x86
		{4B1416CD-C7CB-4670-8EFE-871ED316D51D}.Release|Any CPU.ActiveCfg = Release|Any CPU
		{4B1416CD-C7CB-4670-8EFE-871ED316D51D}.Release|Any CPU.Build.0 = Release|Any CPU
		{4B1416CD-C7CB-4670-8EFE-871ED316D51D}.Release|x64.ActiveCfg = Release|x64
		{4B1416CD-C7CB-4670-8EFE-871ED316D51D}.Release|x64.Build.0 = Release|x64
		{4B1416CD-C7CB-4670-8EFE-871ED316D51D}.Release|x86.ActiveCfg = Release|x86
		{4B1416CD-C7CB-4670-8EFE-871ED316D51D}.Release|x86.Build.0 = Release|x86
		{46ED6A9C-C5BF-4495-924E-478736FC280E}.Debug|Any CPU.ActiveCfg = Debug|Any CPU
		{46ED6A9C-C5BF-4495-924E-478736FC280E}.Debug|Any CPU.Build.0 = Debug|Any CPU
		{46ED6A9C-C5BF-4495-924E-478736FC280E}.Debug|x64.ActiveCfg = Debug|x64
		{46ED6A9C-C5BF-4495-924E-478736FC280E}.Debug|x64.Build.0 = Debug|x64
		{46ED6A9C-C5BF-4495-924E-478736FC280E}.Debug|x86.ActiveCfg = Debug|x86
		{46ED6A9C-C5BF-4495-924E-478736FC280E}.Debug|x86.Build.0 = Debug|x86
		{46ED6A9C-C5BF-4495-924E-478736FC280E}.Release|Any CPU.ActiveCfg = Release|Any CPU
		{46ED6A9C-C5BF-4495-924E-478736FC280E}.Release|Any CPU.Build.0 = Release|Any CPU
		{46ED6A9C-C5BF-4495-924E-478736FC280E}.Release|x64.ActiveCfg = Release|x64
		{46ED6A9C-C5BF-4495-924E-478736FC280E}.Release|x64.Build.0 = Release|x64
		{46ED6A9C-C5BF-4495-924E-478736FC280E}.Release|x86.ActiveCfg = Release|x86
		{46ED6A9C-C5BF-4495-924E-478736FC280E}.Release|x86.Build.0 = Release|x86
		{44A3F022-D70A-422D-B850-824BB572F2AF}.Debug|Any CPU.ActiveCfg = Debug|Any CPU
		{44A3F022-D70A-422D-B850-824BB572F2AF}.Debug|Any CPU.Build.0 = Debug|Any CPU
		{44A3F022-D70A-422D-B850-824BB572F2AF}.Debug|x64.ActiveCfg = Debug|x64
		{44A3F022-D70A-422D-B850-824BB572F2AF}.Debug|x64.Build.0 = Debug|x64
		{44A3F022-D70A-422D-B850-824BB572F2AF}.Debug|x86.ActiveCfg = Debug|x86
		{44A3F022-D70A-422D-B850-824BB572F2AF}.Debug|x86.Build.0 = Debug|x86
		{44A3F022-D70A-422D-B850-824BB572F2AF}.Release|Any CPU.ActiveCfg = Release|Any CPU
		{44A3F022-D70A-422D-B850-824BB572F2AF}.Release|Any CPU.Build.0 = Release|Any CPU
		{44A3F022-D70A-422D-B850-824BB572F2AF}.Release|x64.ActiveCfg = Release|x64
		{44A3F022-D70A-422D-B850-824BB572F2AF}.Release|x64.Build.0 = Release|x64
		{44A3F022-D70A-422D-B850-824BB572F2AF}.Release|x86.ActiveCfg = Release|x86
		{44A3F022-D70A-422D-B850-824BB572F2AF}.Release|x86.Build.0 = Release|x86
		{7D629246-957C-4989-A1E6-29C673086925}.Debug|Any CPU.ActiveCfg = Debug|Any CPU
		{7D629246-957C-4989-A1E6-29C673086925}.Debug|Any CPU.Build.0 = Debug|Any CPU
		{7D629246-957C-4989-A1E6-29C673086925}.Debug|x64.ActiveCfg = Debug|x64
		{7D629246-957C-4989-A1E6-29C673086925}.Debug|x64.Build.0 = Debug|x64
		{7D629246-957C-4989-A1E6-29C673086925}.Debug|x86.ActiveCfg = Debug|x86
		{7D629246-957C-4989-A1E6-29C673086925}.Debug|x86.Build.0 = Debug|x86
		{7D629246-957C-4989-A1E6-29C673086925}.Release|Any CPU.ActiveCfg = Release|Any CPU
		{7D629246-957C-4989-A1E6-29C673086925}.Release|Any CPU.Build.0 = Release|Any CPU
		{7D629246-957C-4989-A1E6-29C673086925}.Release|x64.ActiveCfg = Release|x64
		{7D629246-957C-4989-A1E6-29C673086925}.Release|x64.Build.0 = Release|x64
		{7D629246-957C-4989-A1E6-29C673086925}.Release|x86.ActiveCfg = Release|x86
		{7D629246-957C-4989-A1E6-29C673086925}.Release|x86.Build.0 = Release|x86
		{A95B731B-5887-4EF5-A64D-B643FA8EBD92}.Debug|Any CPU.ActiveCfg = Debug|Any CPU
		{A95B731B-5887-4EF5-A64D-B643FA8EBD92}.Debug|Any CPU.Build.0 = Debug|Any CPU
		{A95B731B-5887-4EF5-A64D-B643FA8EBD92}.Debug|x64.ActiveCfg = Debug|x64
		{A95B731B-5887-4EF5-A64D-B643FA8EBD92}.Debug|x64.Build.0 = Debug|x64
		{A95B731B-5887-4EF5-A64D-B643FA8EBD92}.Debug|x86.ActiveCfg = Debug|x86
		{A95B731B-5887-4EF5-A64D-B643FA8EBD92}.Debug|x86.Build.0 = Debug|x86
		{A95B731B-5887-4EF5-A64D-B643FA8EBD92}.Release|Any CPU.ActiveCfg = Release|Any CPU
		{A95B731B-5887-4EF5-A64D-B643FA8EBD92}.Release|Any CPU.Build.0 = Release|Any CPU
		{A95B731B-5887-4EF5-A64D-B643FA8EBD92}.Release|x64.ActiveCfg = Release|x64
		{A95B731B-5887-4EF5-A64D-B643FA8EBD92}.Release|x64.Build.0 = Release|x64
		{A95B731B-5887-4EF5-A64D-B643FA8EBD92}.Release|x86.ActiveCfg = Release|x86
		{A95B731B-5887-4EF5-A64D-B643FA8EBD92}.Release|x86.Build.0 = Release|x86
		{6B339DA3-8DED-4262-A427-3C4CCDD00650}.Debug|Any CPU.ActiveCfg = Debug|Any CPU
		{6B339DA3-8DED-4262-A427-3C4CCDD00650}.Debug|Any CPU.Build.0 = Debug|Any CPU
		{6B339DA3-8DED-4262-A427-3C4CCDD00650}.Debug|x64.ActiveCfg = Debug|x64
		{6B339DA3-8DED-4262-A427-3C4CCDD00650}.Debug|x64.Build.0 = Debug|x64
		{6B339DA3-8DED-4262-A427-3C4CCDD00650}.Debug|x86.ActiveCfg = Debug|x86
		{6B339DA3-8DED-4262-A427-3C4CCDD00650}.Debug|x86.Build.0 = Debug|x86
		{6B339DA3-8DED-4262-A427-3C4CCDD00650}.Release|Any CPU.ActiveCfg = Release|Any CPU
		{6B339DA3-8DED-4262-A427-3C4CCDD00650}.Release|Any CPU.Build.0 = Release|Any CPU
		{6B339DA3-8DED-4262-A427-3C4CCDD00650}.Release|x64.ActiveCfg = Release|x64
		{6B339DA3-8DED-4262-A427-3C4CCDD00650}.Release|x64.Build.0 = Release|x64
		{6B339DA3-8DED-4262-A427-3C4CCDD00650}.Release|x86.ActiveCfg = Release|x86
		{6B339DA3-8DED-4262-A427-3C4CCDD00650}.Release|x86.Build.0 = Release|x86
		{E32B2631-476A-4C2D-AE18-275ED7A22F10}.Debug|Any CPU.ActiveCfg = Debug|Any CPU
		{E32B2631-476A-4C2D-AE18-275ED7A22F10}.Debug|Any CPU.Build.0 = Debug|Any CPU
		{E32B2631-476A-4C2D-AE18-275ED7A22F10}.Debug|x64.ActiveCfg = Debug|x64
		{E32B2631-476A-4C2D-AE18-275ED7A22F10}.Debug|x64.Build.0 = Debug|x64
		{E32B2631-476A-4C2D-AE18-275ED7A22F10}.Debug|x86.ActiveCfg = Debug|x86
		{E32B2631-476A-4C2D-AE18-275ED7A22F10}.Debug|x86.Build.0 = Debug|x86
		{E32B2631-476A-4C2D-AE18-275ED7A22F10}.Release|Any CPU.ActiveCfg = Release|Any CPU
		{E32B2631-476A-4C2D-AE18-275ED7A22F10}.Release|Any CPU.Build.0 = Release|Any CPU
		{E32B2631-476A-4C2D-AE18-275ED7A22F10}.Release|x64.ActiveCfg = Release|x64
		{E32B2631-476A-4C2D-AE18-275ED7A22F10}.Release|x64.Build.0 = Release|x64
		{E32B2631-476A-4C2D-AE18-275ED7A22F10}.Release|x86.ActiveCfg = Release|x86
		{E32B2631-476A-4C2D-AE18-275ED7A22F10}.Release|x86.Build.0 = Release|x86
		{80314941-78D5-4928-B943-93FC945E050F}.Debug|Any CPU.ActiveCfg = Debug|Any CPU
		{80314941-78D5-4928-B943-93FC945E050F}.Debug|Any CPU.Build.0 = Debug|Any CPU
		{80314941-78D5-4928-B943-93FC945E050F}.Debug|x64.ActiveCfg = Debug|x64
		{80314941-78D5-4928-B943-93FC945E050F}.Debug|x64.Build.0 = Debug|x64
		{80314941-78D5-4928-B943-93FC945E050F}.Debug|x86.ActiveCfg = Debug|x86
		{80314941-78D5-4928-B943-93FC945E050F}.Debug|x86.Build.0 = Debug|x86
		{80314941-78D5-4928-B943-93FC945E050F}.Release|Any CPU.ActiveCfg = Release|Any CPU
		{80314941-78D5-4928-B943-93FC945E050F}.Release|Any CPU.Build.0 = Release|Any CPU
		{80314941-78D5-4928-B943-93FC945E050F}.Release|x64.ActiveCfg = Release|x64
		{80314941-78D5-4928-B943-93FC945E050F}.Release|x64.Build.0 = Release|x64
		{80314941-78D5-4928-B943-93FC945E050F}.Release|x86.ActiveCfg = Release|x86
		{80314941-78D5-4928-B943-93FC945E050F}.Release|x86.Build.0 = Release|x86
		{CDFB2B10-050A-4188-8F72-2BCC61E9814F}.Debug|Any CPU.ActiveCfg = Debug|Any CPU
		{CDFB2B10-050A-4188-8F72-2BCC61E9814F}.Debug|Any CPU.Build.0 = Debug|Any CPU
		{CDFB2B10-050A-4188-8F72-2BCC61E9814F}.Debug|x64.ActiveCfg = Debug|x64
		{CDFB2B10-050A-4188-8F72-2BCC61E9814F}.Debug|x64.Build.0 = Debug|x64
		{CDFB2B10-050A-4188-8F72-2BCC61E9814F}.Debug|x86.ActiveCfg = Debug|x86
		{CDFB2B10-050A-4188-8F72-2BCC61E9814F}.Debug|x86.Build.0 = Debug|x86
		{CDFB2B10-050A-4188-8F72-2BCC61E9814F}.Release|Any CPU.ActiveCfg = Release|Any CPU
		{CDFB2B10-050A-4188-8F72-2BCC61E9814F}.Release|Any CPU.Build.0 = Release|Any CPU
		{CDFB2B10-050A-4188-8F72-2BCC61E9814F}.Release|x64.ActiveCfg = Release|x64
		{CDFB2B10-050A-4188-8F72-2BCC61E9814F}.Release|x64.Build.0 = Release|x64
		{CDFB2B10-050A-4188-8F72-2BCC61E9814F}.Release|x86.ActiveCfg = Release|x86
		{CDFB2B10-050A-4188-8F72-2BCC61E9814F}.Release|x86.Build.0 = Release|x86
		{2A985028-4410-40F7-992C-5397DC1ED116}.Debug|Any CPU.ActiveCfg = Debug|Any CPU
		{2A985028-4410-40F7-992C-5397DC1ED116}.Debug|Any CPU.Build.0 = Debug|Any CPU
		{2A985028-4410-40F7-992C-5397DC1ED116}.Debug|x64.ActiveCfg = Debug|x64
		{2A985028-4410-40F7-992C-5397DC1ED116}.Debug|x64.Build.0 = Debug|x64
		{2A985028-4410-40F7-992C-5397DC1ED116}.Debug|x86.ActiveCfg = Debug|x86
		{2A985028-4410-40F7-992C-5397DC1ED116}.Debug|x86.Build.0 = Debug|x86
		{2A985028-4410-40F7-992C-5397DC1ED116}.Release|Any CPU.ActiveCfg = Release|Any CPU
		{2A985028-4410-40F7-992C-5397DC1ED116}.Release|Any CPU.Build.0 = Release|Any CPU
		{2A985028-4410-40F7-992C-5397DC1ED116}.Release|x64.ActiveCfg = Release|x64
		{2A985028-4410-40F7-992C-5397DC1ED116}.Release|x64.Build.0 = Release|x64
		{2A985028-4410-40F7-992C-5397DC1ED116}.Release|x86.ActiveCfg = Release|x86
		{2A985028-4410-40F7-992C-5397DC1ED116}.Release|x86.Build.0 = Release|x86
		{A9AF015B-43C9-405E-BF74-CE936B8418F9}.Debug|Any CPU.ActiveCfg = Debug|Any CPU
		{A9AF015B-43C9-405E-BF74-CE936B8418F9}.Debug|Any CPU.Build.0 = Debug|Any CPU
		{A9AF015B-43C9-405E-BF74-CE936B8418F9}.Debug|x64.ActiveCfg = Debug|x64
		{A9AF015B-43C9-405E-BF74-CE936B8418F9}.Debug|x64.Build.0 = Debug|x64
		{A9AF015B-43C9-405E-BF74-CE936B8418F9}.Debug|x86.ActiveCfg = Debug|x86
		{A9AF015B-43C9-405E-BF74-CE936B8418F9}.Debug|x86.Build.0 = Debug|x86
		{A9AF015B-43C9-405E-BF74-CE936B8418F9}.Release|Any CPU.ActiveCfg = Release|Any CPU
		{A9AF015B-43C9-405E-BF74-CE936B8418F9}.Release|Any CPU.Build.0 = Release|Any CPU
		{A9AF015B-43C9-405E-BF74-CE936B8418F9}.Release|x64.ActiveCfg = Release|x64
		{A9AF015B-43C9-405E-BF74-CE936B8418F9}.Release|x64.Build.0 = Release|x64
		{A9AF015B-43C9-405E-BF74-CE936B8418F9}.Release|x86.ActiveCfg = Release|x86
		{A9AF015B-43C9-405E-BF74-CE936B8418F9}.Release|x86.Build.0 = Release|x86
		{58A3EDF0-CA9D-4757-B1E8-2A4E3592B308}.Debug|Any CPU.ActiveCfg = Debug|Any CPU
		{58A3EDF0-CA9D-4757-B1E8-2A4E3592B308}.Debug|Any CPU.Build.0 = Debug|Any CPU
		{58A3EDF0-CA9D-4757-B1E8-2A4E3592B308}.Debug|x64.ActiveCfg = Debug|x64
		{58A3EDF0-CA9D-4757-B1E8-2A4E3592B308}.Debug|x64.Build.0 = Debug|x64
		{58A3EDF0-CA9D-4757-B1E8-2A4E3592B308}.Debug|x86.ActiveCfg = Debug|x86
		{58A3EDF0-CA9D-4757-B1E8-2A4E3592B308}.Debug|x86.Build.0 = Debug|x86
		{58A3EDF0-CA9D-4757-B1E8-2A4E3592B308}.Release|Any CPU.ActiveCfg = Release|Any CPU
		{58A3EDF0-CA9D-4757-B1E8-2A4E3592B308}.Release|Any CPU.Build.0 = Release|Any CPU
		{58A3EDF0-CA9D-4757-B1E8-2A4E3592B308}.Release|x64.ActiveCfg = Release|x64
		{58A3EDF0-CA9D-4757-B1E8-2A4E3592B308}.Release|x64.Build.0 = Release|x64
		{58A3EDF0-CA9D-4757-B1E8-2A4E3592B308}.Release|x86.ActiveCfg = Release|x86
		{58A3EDF0-CA9D-4757-B1E8-2A4E3592B308}.Release|x86.Build.0 = Release|x86
	EndGlobalSection
	GlobalSection(NestedProjects) = preSolution
		{E2CF8635-E7C4-4470-92DD-F706F052BF7B} = {7BFFAE76-DEE9-417A-A79B-6A6644C4553A}
		{D3D92ED7-C2B9-46D5-B611-A2CF0C30C8DB} = {7BFFAE76-DEE9-417A-A79B-6A6644C4553A}
		{A2C4A85F-24C4-4FFA-B165-4807B1127C4E} = {7BFFAE76-DEE9-417A-A79B-6A6644C4553A}
		{20CB4CDC-7813-4F80-8321-FBFBB0B5EE2D} = {7BFFAE76-DEE9-417A-A79B-6A6644C4553A}
		{DB09FF66-8750-40B8-9E25-70FADD9CF0BD} = {7BFFAE76-DEE9-417A-A79B-6A6644C4553A}
		{FEDE1F15-C0A5-4DA1-B20D-0A0C28F6858E} = {7BFFAE76-DEE9-417A-A79B-6A6644C4553A}
		{AFCCC2AB-EFFE-4CAE-ACAD-3434B04D3A4E} = {7BFFAE76-DEE9-417A-A79B-6A6644C4553A}
		{D5B2FEB2-BA3A-492D-B83D-414835043D86} = {7BFFAE76-DEE9-417A-A79B-6A6644C4553A}
		{9430365D-C956-4290-A006-A87F9083DC4B} = {7BFFAE76-DEE9-417A-A79B-6A6644C4553A}
		{0C28F2FB-2B12-4893-AAA4-2C2548926847} = {7BFFAE76-DEE9-417A-A79B-6A6644C4553A}
		{83860B89-4A95-49A5-B4D6-B8F3345498E9} = {7BFFAE76-DEE9-417A-A79B-6A6644C4553A}
		{C3C12DCE-7AC4-4E97-A7FC-49189D218885} = {7BFFAE76-DEE9-417A-A79B-6A6644C4553A}
		{BB293F2E-C3BD-4F1C-8345-8AEF01998D2C} = {7BFFAE76-DEE9-417A-A79B-6A6644C4553A}
		{B2C0063A-FC66-4883-BB69-B1DBE6BF9CA2} = {7BFFAE76-DEE9-417A-A79B-6A6644C4553A}
		{64195C50-E138-4218-A7CE-13CD4565B87E} = {7BFFAE76-DEE9-417A-A79B-6A6644C4553A}
		{93F1A71E-54E2-4C65-BB1E-1D499890317F} = {7BFFAE76-DEE9-417A-A79B-6A6644C4553A}
		{C1B87E1F-8D0D-4A78-9A24-9D5D38B7E9A8} = {7BFFAE76-DEE9-417A-A79B-6A6644C4553A}
		{75C9DD21-B4EA-4117-BF4F-AFE777A80B5B} = {7BFFAE76-DEE9-417A-A79B-6A6644C4553A}
		{21E2FE31-4E7C-489E-8215-9303108A2F39} = {7BFFAE76-DEE9-417A-A79B-6A6644C4553A}
		{4B1416CD-C7CB-4670-8EFE-871ED316D51D} = {7BFFAE76-DEE9-417A-A79B-6A6644C4553A}
		{46ED6A9C-C5BF-4495-924E-478736FC280E} = {7BFFAE76-DEE9-417A-A79B-6A6644C4553A}
		{44A3F022-D70A-422D-B850-824BB572F2AF} = {7BFFAE76-DEE9-417A-A79B-6A6644C4553A}
		{7D629246-957C-4989-A1E6-29C673086925} = {7BFFAE76-DEE9-417A-A79B-6A6644C4553A}
		{A95B731B-5887-4EF5-A64D-B643FA8EBD92} = {7BFFAE76-DEE9-417A-A79B-6A6644C4553A}
		{6B339DA3-8DED-4262-A427-3C4CCDD00650} = {7BFFAE76-DEE9-417A-A79B-6A6644C4553A}
		{E32B2631-476A-4C2D-AE18-275ED7A22F10} = {7BFFAE76-DEE9-417A-A79B-6A6644C4553A}
		{80314941-78D5-4928-B943-93FC945E050F} = {7BFFAE76-DEE9-417A-A79B-6A6644C4553A}
		{CDFB2B10-050A-4188-8F72-2BCC61E9814F} = {7BFFAE76-DEE9-417A-A79B-6A6644C4553A}
		{2A985028-4410-40F7-992C-5397DC1ED116} = {7BFFAE76-DEE9-417A-A79B-6A6644C4553A}
		{A9AF015B-43C9-405E-BF74-CE936B8418F9} = {7BFFAE76-DEE9-417A-A79B-6A6644C4553A}
		{58A3EDF0-CA9D-4757-B1E8-2A4E3592B308} = {7BFFAE76-DEE9-417A-A79B-6A6644C4553A}
	EndGlobalSection
EndGlobal
