Microsoft Visual Studio Solution File, Format Version 12.00
# Visual Studio 2013
VisualStudioVersion = 12.0.30723.0
MinimumVisualStudioVersion = 10.0.40219.1
Project("{2150E333-8FDC-42A3-9474-1A3956D46DE8}") = ".paket", ".paket", "{423D6A5B-4C09-4E7E-9494-407E6AC83ED1}"
	ProjectSection(SolutionItems) = preProject
		paket.dependencies = paket.dependencies
	EndProjectSection
EndProject
Project("{2150E333-8FDC-42A3-9474-1A3956D46DE8}") = "Solution Items", "Solution Items", "{0F0488CC-2580-4C07-9E16-3997480F0221}"
	ProjectSection(SolutionItems) = preProject
		build.cmd = build.cmd
		build.fsx = build.fsx
		fake.nuspec = fake.nuspec
		README.markdown = README.markdown
		RELEASE_NOTES.md = RELEASE_NOTES.md
	EndProjectSection
EndProject
Project("{2150E333-8FDC-42A3-9474-1A3956D46DE8}") = "app", "app", "{4198A143-EFB9-4E72-A3BD-F2848B78CC21}"
EndProject
Project("{2150E333-8FDC-42A3-9474-1A3956D46DE8}") = "Test", "Test", "{B774DC6A-F933-4EC3-A61F-E07344EF8ED2}"
EndProject
Project("{2150E333-8FDC-42A3-9474-1A3956D46DE8}") = "HelpInput", "HelpInput", "{EA6A2A1A-80C9-418F-A835-11758E1AE87E}"
EndProject
Project("{2150E333-8FDC-42A3-9474-1A3956D46DE8}") = "Deploy.Web", "Deploy.Web", "{B0DDEAC8-E18F-4DCA-A089-461267507EF8}"
	ProjectSection(SolutionItems) = preProject
		legacy\deploy.web\README.markdown = legacy\deploy.web\README.markdown
	EndProjectSection
EndProject
Project("{2150E333-8FDC-42A3-9474-1A3956D46DE8}") = "Providers", "Providers", "{909C4837-F32A-4CAE-952E-7DCB8AAF3C28}"
EndProject
Project("{F2A71F9B-5D33-465A-A702-920D77279786}") = "FakeLib", "legacy\FakeLib\FakeLib.fsproj", "{13D56521-772A-41DB-9772-1DA1A4AA8E3A}"
EndProject
Project("{FAE04EC0-301F-11D3-BF4B-00C04F79EFBC}") = "Test.FAKECore", "legacy\Test.FAKECore\Test.FAKECore.csproj", "{98944472-E50A-4771-969D-4C0349D085A4}"
EndProject
Project("{F2A71F9B-5D33-465A-A702-920D77279786}") = "Fake.Deploy", "legacy\Fake.Deploy\Fake.Deploy.fsproj", "{ED164049-BCFD-4837-96F4-9A5FA417931D}"
EndProject
Project("{F2A71F9B-5D33-465A-A702-920D77279786}") = "Fake.Deploy.Web.RavenDb", "legacy\deploy.web\Fake.Deploy.Web.DataProviders\Fake.Deploy.Web.RavenDb\Fake.Deploy.Web.RavenDb.fsproj", "{74688080-3591-4A82-AEB7-E94FB7A5C41A}"
EndProject
Project("{F2A71F9B-5D33-465A-A702-920D77279786}") = "Fake.Deploy.Web.Abstractions", "legacy\deploy.web\Fake.Deploy.Web.Abstractions\Fake.Deploy.Web.Abstractions.fsproj", "{B58D394B-DEAC-4C34-8C2B-CC422D408AE5}"
EndProject
Project("{F2A71F9B-5D33-465A-A702-920D77279786}") = "Fake.Deploy.Web.File", "legacy\deploy.web\Fake.Deploy.Web.DataProviders\Fake.Deploy.Web.File\Fake.Deploy.Web.File.fsproj", "{37FF020B-22BD-45DC-9542-A2685ED15553}"
EndProject
Project("{F2A71F9B-5D33-465A-A702-920D77279786}") = "Test.Fake.Deploy.Web.File", "legacy\Test.Fake.Deploy.Web.File\Test.Fake.Deploy.Web.File.fsproj", "{0FB601C0-4E5B-4FD7-820D-A0B33F1AEB8A}"
EndProject
Project("{F2A71F9B-5D33-465A-A702-920D77279786}") = "Fake.Deploy.Lib", "legacy\Fake.Deploy.Lib\Fake.Deploy.Lib.fsproj", "{83B7D6E7-6AE1-4786-9C26-4E2E73216EC9}"
EndProject
Project("{FAE04EC0-301F-11D3-BF4B-00C04F79EFBC}") = "Test.Fake.Deploy", "legacy\Test.Fake.Deploy\Test.Fake.Deploy.csproj", "{0203A0DD-836B-4F9E-A766-73396DDE8F34}"
EndProject
Project("{F2A71F9B-5D33-465A-A702-920D77279786}") = "Fake.Deploy.Web", "legacy\deploy.web\Fake.Deploy.Web\Fake.Deploy.Web.fsproj", "{329AECD2-AE80-46E8-B486-7D7BA9804B0B}"
EndProject
Project("{F2A71F9B-5D33-465A-A702-920D77279786}") = "Test.Fake.Deploy.Web", "legacy\Test.Fake.Deploy.Web\Test.Fake.Deploy.Web.fsproj", "{0227F23A-1CC6-4682-A506-E90C516170C5}"
EndProject
Project("{FAE04EC0-301F-11D3-BF4B-00C04F79EFBC}") = "Test.Git", "legacy\Test.Git\Test.Git.csproj", "{AD03BF13-802D-4E5F-A939-24484299E014}"
EndProject
Project("{F2A71F9B-5D33-465A-A702-920D77279786}") = "FsCheck.Fake", "legacy\FsCheck.Fake\FsCheck.Fake.fsproj", "{791651E4-4422-4A31-8DDE-6B1AD79B377A}"
EndProject
Global
	GlobalSection(SolutionConfigurationPlatforms) = preSolution
		Debug|Any CPU = Debug|Any CPU
		Debug|Mixed Platforms = Debug|Mixed Platforms
		Debug|x86 = Debug|x86
		Release|Any CPU = Release|Any CPU
		Release|Mixed Platforms = Release|Mixed Platforms
		Release|x86 = Release|x86
	EndGlobalSection
	GlobalSection(ProjectConfigurationPlatforms) = postSolution
		{13D56521-772A-41DB-9772-1DA1A4AA8E3A}.Debug|Any CPU.ActiveCfg = Debug|Any CPU
		{13D56521-772A-41DB-9772-1DA1A4AA8E3A}.Debug|Any CPU.Build.0 = Debug|Any CPU
		{13D56521-772A-41DB-9772-1DA1A4AA8E3A}.Debug|Mixed Platforms.ActiveCfg = Debug|Any CPU
		{13D56521-772A-41DB-9772-1DA1A4AA8E3A}.Debug|Mixed Platforms.Build.0 = Debug|Any CPU
		{13D56521-772A-41DB-9772-1DA1A4AA8E3A}.Debug|x86.ActiveCfg = Debug|Any CPU
		{13D56521-772A-41DB-9772-1DA1A4AA8E3A}.Release|Any CPU.ActiveCfg = Release|Any CPU
		{13D56521-772A-41DB-9772-1DA1A4AA8E3A}.Release|Any CPU.Build.0 = Release|Any CPU
		{13D56521-772A-41DB-9772-1DA1A4AA8E3A}.Release|Mixed Platforms.ActiveCfg = Release|Any CPU
		{13D56521-772A-41DB-9772-1DA1A4AA8E3A}.Release|Mixed Platforms.Build.0 = Release|Any CPU
		{13D56521-772A-41DB-9772-1DA1A4AA8E3A}.Release|x86.ActiveCfg = Release|Any CPU
		{98944472-E50A-4771-969D-4C0349D085A4}.Debug|Any CPU.ActiveCfg = Debug|Any CPU
		{98944472-E50A-4771-969D-4C0349D085A4}.Debug|Any CPU.Build.0 = Debug|Any CPU
		{98944472-E50A-4771-969D-4C0349D085A4}.Debug|Mixed Platforms.ActiveCfg = Debug|Any CPU
		{98944472-E50A-4771-969D-4C0349D085A4}.Debug|Mixed Platforms.Build.0 = Debug|Any CPU
		{98944472-E50A-4771-969D-4C0349D085A4}.Debug|x86.ActiveCfg = Debug|Any CPU
		{98944472-E50A-4771-969D-4C0349D085A4}.Release|Any CPU.ActiveCfg = Release|Any CPU
		{98944472-E50A-4771-969D-4C0349D085A4}.Release|Any CPU.Build.0 = Release|Any CPU
		{98944472-E50A-4771-969D-4C0349D085A4}.Release|Mixed Platforms.ActiveCfg = Release|Any CPU
		{98944472-E50A-4771-969D-4C0349D085A4}.Release|Mixed Platforms.Build.0 = Release|Any CPU
		{98944472-E50A-4771-969D-4C0349D085A4}.Release|x86.ActiveCfg = Release|Any CPU
		{ED164049-BCFD-4837-96F4-9A5FA417931D}.Debug|Any CPU.ActiveCfg = Debug|Any CPU
		{ED164049-BCFD-4837-96F4-9A5FA417931D}.Debug|Any CPU.Build.0 = Debug|Any CPU
		{ED164049-BCFD-4837-96F4-9A5FA417931D}.Debug|Mixed Platforms.ActiveCfg = Debug|Any CPU
		{ED164049-BCFD-4837-96F4-9A5FA417931D}.Debug|Mixed Platforms.Build.0 = Debug|Any CPU
		{ED164049-BCFD-4837-96F4-9A5FA417931D}.Debug|x86.ActiveCfg = Debug|Any CPU
		{ED164049-BCFD-4837-96F4-9A5FA417931D}.Release|Any CPU.ActiveCfg = Release|Any CPU
		{ED164049-BCFD-4837-96F4-9A5FA417931D}.Release|Any CPU.Build.0 = Release|Any CPU
		{ED164049-BCFD-4837-96F4-9A5FA417931D}.Release|Mixed Platforms.ActiveCfg = Release|Any CPU
		{ED164049-BCFD-4837-96F4-9A5FA417931D}.Release|Mixed Platforms.Build.0 = Release|Any CPU
		{ED164049-BCFD-4837-96F4-9A5FA417931D}.Release|x86.ActiveCfg = Release|Any CPU
		{74688080-3591-4A82-AEB7-E94FB7A5C41A}.Debug|Any CPU.ActiveCfg = Debug|Any CPU
		{74688080-3591-4A82-AEB7-E94FB7A5C41A}.Debug|Any CPU.Build.0 = Debug|Any CPU
		{74688080-3591-4A82-AEB7-E94FB7A5C41A}.Debug|Mixed Platforms.ActiveCfg = Debug|Any CPU
		{74688080-3591-4A82-AEB7-E94FB7A5C41A}.Debug|Mixed Platforms.Build.0 = Debug|Any CPU
		{74688080-3591-4A82-AEB7-E94FB7A5C41A}.Debug|x86.ActiveCfg = Debug|Any CPU
		{74688080-3591-4A82-AEB7-E94FB7A5C41A}.Release|Any CPU.ActiveCfg = Release|Any CPU
		{74688080-3591-4A82-AEB7-E94FB7A5C41A}.Release|Any CPU.Build.0 = Release|Any CPU
		{74688080-3591-4A82-AEB7-E94FB7A5C41A}.Release|Mixed Platforms.ActiveCfg = Release|Any CPU
		{74688080-3591-4A82-AEB7-E94FB7A5C41A}.Release|Mixed Platforms.Build.0 = Release|Any CPU
		{74688080-3591-4A82-AEB7-E94FB7A5C41A}.Release|x86.ActiveCfg = Release|Any CPU
		{B58D394B-DEAC-4C34-8C2B-CC422D408AE5}.Debug|Any CPU.ActiveCfg = Debug|Any CPU
		{B58D394B-DEAC-4C34-8C2B-CC422D408AE5}.Debug|Any CPU.Build.0 = Debug|Any CPU
		{B58D394B-DEAC-4C34-8C2B-CC422D408AE5}.Debug|Mixed Platforms.ActiveCfg = Debug|Any CPU
		{B58D394B-DEAC-4C34-8C2B-CC422D408AE5}.Debug|Mixed Platforms.Build.0 = Debug|Any CPU
		{B58D394B-DEAC-4C34-8C2B-CC422D408AE5}.Debug|x86.ActiveCfg = Debug|Any CPU
		{B58D394B-DEAC-4C34-8C2B-CC422D408AE5}.Release|Any CPU.ActiveCfg = Release|Any CPU
		{B58D394B-DEAC-4C34-8C2B-CC422D408AE5}.Release|Any CPU.Build.0 = Release|Any CPU
		{B58D394B-DEAC-4C34-8C2B-CC422D408AE5}.Release|Mixed Platforms.ActiveCfg = Release|Any CPU
		{B58D394B-DEAC-4C34-8C2B-CC422D408AE5}.Release|Mixed Platforms.Build.0 = Release|Any CPU
		{B58D394B-DEAC-4C34-8C2B-CC422D408AE5}.Release|x86.ActiveCfg = Release|Any CPU
		{37FF020B-22BD-45DC-9542-A2685ED15553}.Debug|Any CPU.ActiveCfg = Debug|Any CPU
		{37FF020B-22BD-45DC-9542-A2685ED15553}.Debug|Any CPU.Build.0 = Debug|Any CPU
		{37FF020B-22BD-45DC-9542-A2685ED15553}.Debug|Mixed Platforms.ActiveCfg = Debug|Any CPU
		{37FF020B-22BD-45DC-9542-A2685ED15553}.Debug|Mixed Platforms.Build.0 = Debug|Any CPU
		{37FF020B-22BD-45DC-9542-A2685ED15553}.Debug|x86.ActiveCfg = Debug|Any CPU
		{37FF020B-22BD-45DC-9542-A2685ED15553}.Release|Any CPU.ActiveCfg = Release|Any CPU
		{37FF020B-22BD-45DC-9542-A2685ED15553}.Release|Any CPU.Build.0 = Release|Any CPU
		{37FF020B-22BD-45DC-9542-A2685ED15553}.Release|Mixed Platforms.ActiveCfg = Release|Any CPU
		{37FF020B-22BD-45DC-9542-A2685ED15553}.Release|Mixed Platforms.Build.0 = Release|Any CPU
		{37FF020B-22BD-45DC-9542-A2685ED15553}.Release|x86.ActiveCfg = Release|Any CPU
		{0FB601C0-4E5B-4FD7-820D-A0B33F1AEB8A}.Debug|Any CPU.ActiveCfg = Debug|Any CPU
		{0FB601C0-4E5B-4FD7-820D-A0B33F1AEB8A}.Debug|Any CPU.Build.0 = Debug|Any CPU
		{0FB601C0-4E5B-4FD7-820D-A0B33F1AEB8A}.Debug|Mixed Platforms.ActiveCfg = Debug|Any CPU
		{0FB601C0-4E5B-4FD7-820D-A0B33F1AEB8A}.Debug|Mixed Platforms.Build.0 = Debug|Any CPU
		{0FB601C0-4E5B-4FD7-820D-A0B33F1AEB8A}.Debug|x86.ActiveCfg = Debug|Any CPU
		{0FB601C0-4E5B-4FD7-820D-A0B33F1AEB8A}.Release|Any CPU.ActiveCfg = Release|Any CPU
		{0FB601C0-4E5B-4FD7-820D-A0B33F1AEB8A}.Release|Any CPU.Build.0 = Release|Any CPU
		{0FB601C0-4E5B-4FD7-820D-A0B33F1AEB8A}.Release|Mixed Platforms.ActiveCfg = Release|Any CPU
		{0FB601C0-4E5B-4FD7-820D-A0B33F1AEB8A}.Release|Mixed Platforms.Build.0 = Release|Any CPU
		{0FB601C0-4E5B-4FD7-820D-A0B33F1AEB8A}.Release|x86.ActiveCfg = Release|Any CPU
		{83B7D6E7-6AE1-4786-9C26-4E2E73216EC9}.Debug|Any CPU.ActiveCfg = Debug|Any CPU
		{83B7D6E7-6AE1-4786-9C26-4E2E73216EC9}.Debug|Any CPU.Build.0 = Debug|Any CPU
		{83B7D6E7-6AE1-4786-9C26-4E2E73216EC9}.Debug|Mixed Platforms.ActiveCfg = Debug|Any CPU
		{83B7D6E7-6AE1-4786-9C26-4E2E73216EC9}.Debug|Mixed Platforms.Build.0 = Debug|Any CPU
		{83B7D6E7-6AE1-4786-9C26-4E2E73216EC9}.Debug|x86.ActiveCfg = Debug|Any CPU
		{83B7D6E7-6AE1-4786-9C26-4E2E73216EC9}.Release|Any CPU.ActiveCfg = Release|Any CPU
		{83B7D6E7-6AE1-4786-9C26-4E2E73216EC9}.Release|Any CPU.Build.0 = Release|Any CPU
		{83B7D6E7-6AE1-4786-9C26-4E2E73216EC9}.Release|Mixed Platforms.ActiveCfg = Release|Any CPU
		{83B7D6E7-6AE1-4786-9C26-4E2E73216EC9}.Release|Mixed Platforms.Build.0 = Release|Any CPU
		{83B7D6E7-6AE1-4786-9C26-4E2E73216EC9}.Release|x86.ActiveCfg = Release|Any CPU
		{0203A0DD-836B-4F9E-A766-73396DDE8F34}.Debug|Any CPU.ActiveCfg = Debug|Any CPU
		{0203A0DD-836B-4F9E-A766-73396DDE8F34}.Debug|Any CPU.Build.0 = Debug|Any CPU
		{0203A0DD-836B-4F9E-A766-73396DDE8F34}.Debug|Mixed Platforms.ActiveCfg = Debug|Any CPU
		{0203A0DD-836B-4F9E-A766-73396DDE8F34}.Debug|Mixed Platforms.Build.0 = Debug|Any CPU
		{0203A0DD-836B-4F9E-A766-73396DDE8F34}.Debug|x86.ActiveCfg = Debug|Any CPU
		{0203A0DD-836B-4F9E-A766-73396DDE8F34}.Release|Any CPU.ActiveCfg = Release|Any CPU
		{0203A0DD-836B-4F9E-A766-73396DDE8F34}.Release|Any CPU.Build.0 = Release|Any CPU
		{0203A0DD-836B-4F9E-A766-73396DDE8F34}.Release|Mixed Platforms.ActiveCfg = Release|Any CPU
		{0203A0DD-836B-4F9E-A766-73396DDE8F34}.Release|Mixed Platforms.Build.0 = Release|Any CPU
		{0203A0DD-836B-4F9E-A766-73396DDE8F34}.Release|x86.ActiveCfg = Release|Any CPU
		{329AECD2-AE80-46E8-B486-7D7BA9804B0B}.Debug|Any CPU.ActiveCfg = Debug|Any CPU
		{329AECD2-AE80-46E8-B486-7D7BA9804B0B}.Debug|Any CPU.Build.0 = Debug|Any CPU
		{329AECD2-AE80-46E8-B486-7D7BA9804B0B}.Debug|Mixed Platforms.ActiveCfg = Debug|Any CPU
		{329AECD2-AE80-46E8-B486-7D7BA9804B0B}.Debug|Mixed Platforms.Build.0 = Debug|Any CPU
		{329AECD2-AE80-46E8-B486-7D7BA9804B0B}.Debug|x86.ActiveCfg = Debug|Any CPU
		{329AECD2-AE80-46E8-B486-7D7BA9804B0B}.Release|Any CPU.ActiveCfg = Release|Any CPU
		{329AECD2-AE80-46E8-B486-7D7BA9804B0B}.Release|Any CPU.Build.0 = Release|Any CPU
		{329AECD2-AE80-46E8-B486-7D7BA9804B0B}.Release|Mixed Platforms.ActiveCfg = Release|Any CPU
		{329AECD2-AE80-46E8-B486-7D7BA9804B0B}.Release|Mixed Platforms.Build.0 = Release|Any CPU
		{329AECD2-AE80-46E8-B486-7D7BA9804B0B}.Release|x86.ActiveCfg = Release|Any CPU
		{0227F23A-1CC6-4682-A506-E90C516170C5}.Debug|Any CPU.ActiveCfg = Debug|Any CPU
		{0227F23A-1CC6-4682-A506-E90C516170C5}.Debug|Any CPU.Build.0 = Debug|Any CPU
		{0227F23A-1CC6-4682-A506-E90C516170C5}.Debug|Mixed Platforms.ActiveCfg = Debug|Any CPU
		{0227F23A-1CC6-4682-A506-E90C516170C5}.Debug|Mixed Platforms.Build.0 = Debug|Any CPU
		{0227F23A-1CC6-4682-A506-E90C516170C5}.Debug|x86.ActiveCfg = Debug|Any CPU
		{0227F23A-1CC6-4682-A506-E90C516170C5}.Release|Any CPU.ActiveCfg = Release|Any CPU
		{0227F23A-1CC6-4682-A506-E90C516170C5}.Release|Any CPU.Build.0 = Release|Any CPU
		{0227F23A-1CC6-4682-A506-E90C516170C5}.Release|Mixed Platforms.ActiveCfg = Release|Any CPU
		{0227F23A-1CC6-4682-A506-E90C516170C5}.Release|Mixed Platforms.Build.0 = Release|Any CPU
		{0227F23A-1CC6-4682-A506-E90C516170C5}.Release|x86.ActiveCfg = Release|Any CPU
		{AD03BF13-802D-4E5F-A939-24484299E014}.Debug|Any CPU.ActiveCfg = Debug|Any CPU
		{AD03BF13-802D-4E5F-A939-24484299E014}.Debug|Any CPU.Build.0 = Debug|Any CPU
		{AD03BF13-802D-4E5F-A939-24484299E014}.Debug|Mixed Platforms.ActiveCfg = Debug|Any CPU
		{AD03BF13-802D-4E5F-A939-24484299E014}.Debug|Mixed Platforms.Build.0 = Debug|Any CPU
		{AD03BF13-802D-4E5F-A939-24484299E014}.Debug|x86.ActiveCfg = Debug|Any CPU
		{AD03BF13-802D-4E5F-A939-24484299E014}.Release|Any CPU.ActiveCfg = Release|Any CPU
		{AD03BF13-802D-4E5F-A939-24484299E014}.Release|Any CPU.Build.0 = Release|Any CPU
		{AD03BF13-802D-4E5F-A939-24484299E014}.Release|Mixed Platforms.ActiveCfg = Release|Any CPU
		{AD03BF13-802D-4E5F-A939-24484299E014}.Release|Mixed Platforms.Build.0 = Release|Any CPU
		{AD03BF13-802D-4E5F-A939-24484299E014}.Release|x86.ActiveCfg = Release|Any CPU
		{791651E4-4422-4A31-8DDE-6B1AD79B377A}.Debug|Any CPU.ActiveCfg = Debug|Any CPU
		{791651E4-4422-4A31-8DDE-6B1AD79B377A}.Debug|Any CPU.Build.0 = Debug|Any CPU
		{791651E4-4422-4A31-8DDE-6B1AD79B377A}.Debug|Mixed Platforms.ActiveCfg = Debug|Any CPU
		{791651E4-4422-4A31-8DDE-6B1AD79B377A}.Debug|Mixed Platforms.Build.0 = Debug|Any CPU
		{791651E4-4422-4A31-8DDE-6B1AD79B377A}.Debug|x86.ActiveCfg = Debug|Any CPU
		{791651E4-4422-4A31-8DDE-6B1AD79B377A}.Release|Any CPU.ActiveCfg = Release|Any CPU
		{791651E4-4422-4A31-8DDE-6B1AD79B377A}.Release|Any CPU.Build.0 = Release|Any CPU
		{791651E4-4422-4A31-8DDE-6B1AD79B377A}.Release|Mixed Platforms.ActiveCfg = Release|Any CPU
		{791651E4-4422-4A31-8DDE-6B1AD79B377A}.Release|Mixed Platforms.Build.0 = Release|Any CPU
		{791651E4-4422-4A31-8DDE-6B1AD79B377A}.Release|x86.ActiveCfg = Release|Any CPU
	EndGlobalSection
	GlobalSection(SolutionProperties) = preSolution
		HideSolutionNode = FALSE
	EndGlobalSection
	GlobalSection(NestedProjects) = preSolution
		{EA6A2A1A-80C9-418F-A835-11758E1AE87E} = {0F0488CC-2580-4C07-9E16-3997480F0221}
		{909C4837-F32A-4CAE-952E-7DCB8AAF3C28} = {B0DDEAC8-E18F-4DCA-A089-461267507EF8}
		{13D56521-772A-41DB-9772-1DA1A4AA8E3A} = {4198A143-EFB9-4E72-A3BD-F2848B78CC21}
		{98944472-E50A-4771-969D-4C0349D085A4} = {B774DC6A-F933-4EC3-A61F-E07344EF8ED2}
		{ED164049-BCFD-4837-96F4-9A5FA417931D} = {4198A143-EFB9-4E72-A3BD-F2848B78CC21}
		{74688080-3591-4A82-AEB7-E94FB7A5C41A} = {909C4837-F32A-4CAE-952E-7DCB8AAF3C28}
		{B58D394B-DEAC-4C34-8C2B-CC422D408AE5} = {B0DDEAC8-E18F-4DCA-A089-461267507EF8}
		{37FF020B-22BD-45DC-9542-A2685ED15553} = {909C4837-F32A-4CAE-952E-7DCB8AAF3C28}
		{0FB601C0-4E5B-4FD7-820D-A0B33F1AEB8A} = {B774DC6A-F933-4EC3-A61F-E07344EF8ED2}
		{83B7D6E7-6AE1-4786-9C26-4E2E73216EC9} = {4198A143-EFB9-4E72-A3BD-F2848B78CC21}
		{0203A0DD-836B-4F9E-A766-73396DDE8F34} = {B774DC6A-F933-4EC3-A61F-E07344EF8ED2}
		{329AECD2-AE80-46E8-B486-7D7BA9804B0B} = {B0DDEAC8-E18F-4DCA-A089-461267507EF8}
		{0227F23A-1CC6-4682-A506-E90C516170C5} = {B774DC6A-F933-4EC3-A61F-E07344EF8ED2}
		{AD03BF13-802D-4E5F-A939-24484299E014} = {B774DC6A-F933-4EC3-A61F-E07344EF8ED2}
		{791651E4-4422-4A31-8DDE-6B1AD79B377A} = {B774DC6A-F933-4EC3-A61F-E07344EF8ED2}
	EndGlobalSection
EndGlobal
