
Microsoft Visual Studio Solution File, Format Version 12.00
# Visual Studio 2012
Project("{2150E333-8FDC-42A3-9474-1A3956D46DE8}") = "build", "build", "{ECB58ABC-B9B2-4E54-960B-750ADA601557}"
	ProjectSection(SolutionItems) = preProject
		01_build.bat = 01_build.bat
		02_listen.bat = 02_listen.bat
		03_deploy.bat = 03_deploy.bat
		04_rollback.bat = 04_rollback.bat
		build.fsx = build.fsx
		deploy.fsx = deploy.fsx
		Fake_Website.nuspec = Fake_Website.nuspec
		deployment\install.fsx = deployment\install.fsx
		Readme.markdown = Readme.markdown
		version.txt = version.txt
	EndProjectSection
EndProject
Project("{FAE04EC0-301F-11D3-BF4B-00C04F79EFBC}") = "Fake_WebSite", "src\app\Fake_WebSite\Fake_WebSite.csproj", "{25949F7F-D3A3-4FC8-BAF3-7EA6D7D505F7}"
EndProject
Project("{FAE04EC0-301F-11D3-BF4B-00C04F79EFBC}") = "Fake_WebSite.Tests", "src\test\Fake_WebSite.Tests\Fake_WebSite.Tests.csproj", "{919F91D0-1861-4654-BA87-8CC41A86A798}"
EndProject
Project("{F2A71F9B-5D33-465A-A702-920D77279786}") = "CalculatorLib", "src\app\CalculatorLib\CalculatorLib.fsproj", "{39852DCE-EF0E-454A-B2F6-58D57074EEB8}"
EndProject
Global
	GlobalSection(SolutionConfigurationPlatforms) = preSolution
		Debug|Any CPU = Debug|Any CPU
		Release|Any CPU = Release|Any CPU
	EndGlobalSection
	GlobalSection(ProjectConfigurationPlatforms) = postSolution
		{25949F7F-D3A3-4FC8-BAF3-7EA6D7D505F7}.Debug|Any CPU.ActiveCfg = Debug|Any CPU
		{25949F7F-D3A3-4FC8-BAF3-7EA6D7D505F7}.Debug|Any CPU.Build.0 = Debug|Any CPU
		{25949F7F-D3A3-4FC8-BAF3-7EA6D7D505F7}.Release|Any CPU.ActiveCfg = Release|Any CPU
		{25949F7F-D3A3-4FC8-BAF3-7EA6D7D505F7}.Release|Any CPU.Build.0 = Release|Any CPU
		{919F91D0-1861-4654-BA87-8CC41A86A798}.Debug|Any CPU.ActiveCfg = Debug|Any CPU
		{919F91D0-1861-4654-BA87-8CC41A86A798}.Debug|Any CPU.Build.0 = Debug|Any CPU
		{919F91D0-1861-4654-BA87-8CC41A86A798}.Release|Any CPU.ActiveCfg = Release|Any CPU
		{919F91D0-1861-4654-BA87-8CC41A86A798}.Release|Any CPU.Build.0 = Release|Any CPU
		{39852DCE-EF0E-454A-B2F6-58D57074EEB8}.Debug|Any CPU.ActiveCfg = Debug|Any CPU
		{39852DCE-EF0E-454A-B2F6-58D57074EEB8}.Debug|Any CPU.Build.0 = Debug|Any CPU
		{39852DCE-EF0E-454A-B2F6-58D57074EEB8}.Release|Any CPU.ActiveCfg = Release|Any CPU
		{39852DCE-EF0E-454A-B2F6-58D57074EEB8}.Release|Any CPU.Build.0 = Release|Any CPU
	EndGlobalSection
	GlobalSection(SolutionProperties) = preSolution
		HideSolutionNode = FALSE
	EndGlobalSection
EndGlobal
